// !$*UTF8*$!
{
	archiveVersion = 1;
	classes = {
	};
	objectVersion = 55;
	objects = {

/* Begin PBXBuildFile section */
		166529F1271E06870015BAA3 /* Item+CoreDataClass.swift in Sources */ = {isa = PBXBuildFile; fileRef = 166529E7271E06870015BAA3 /* Item+CoreDataClass.swift */; };
		166529F2271E06870015BAA3 /* Item+CoreDataProperties.swift in Sources */ = {isa = PBXBuildFile; fileRef = 166529E8271E06870015BAA3 /* Item+CoreDataProperties.swift */; };
		166529F3271E06870015BAA3 /* Wallet+CoreDataClass.swift in Sources */ = {isa = PBXBuildFile; fileRef = 166529E9271E06870015BAA3 /* Wallet+CoreDataClass.swift */; };
		166529F4271E06870015BAA3 /* Wallet+CoreDataProperties.swift in Sources */ = {isa = PBXBuildFile; fileRef = 166529EA271E06870015BAA3 /* Wallet+CoreDataProperties.swift */; };
		166529F5271E06870015BAA3 /* Template+CoreDataClass.swift in Sources */ = {isa = PBXBuildFile; fileRef = 166529EB271E06870015BAA3 /* Template+CoreDataClass.swift */; };
		166529F6271E06870015BAA3 /* Template+CoreDataProperties.swift in Sources */ = {isa = PBXBuildFile; fileRef = 166529EC271E06870015BAA3 /* Template+CoreDataProperties.swift */; };
		166529F7271E06870015BAA3 /* Goal+CoreDataClass.swift in Sources */ = {isa = PBXBuildFile; fileRef = 166529ED271E06870015BAA3 /* Goal+CoreDataClass.swift */; };
		166529F8271E06870015BAA3 /* Goal+CoreDataProperties.swift in Sources */ = {isa = PBXBuildFile; fileRef = 166529EE271E06870015BAA3 /* Goal+CoreDataProperties.swift */; };
		166529F9271E06870015BAA3 /* Transaction+CoreDataClass.swift in Sources */ = {isa = PBXBuildFile; fileRef = 166529EF271E06870015BAA3 /* Transaction+CoreDataClass.swift */; };
		166529FA271E06870015BAA3 /* Transaction+CoreDataProperties.swift in Sources */ = {isa = PBXBuildFile; fileRef = 166529F0271E06870015BAA3 /* Transaction+CoreDataProperties.swift */; };
		16655627271A0E0000DE83F4 /* AppDelegate.swift in Sources */ = {isa = PBXBuildFile; fileRef = 16655626271A0E0000DE83F4 /* AppDelegate.swift */; };
		16655629271A0E0000DE83F4 /* SceneDelegate.swift in Sources */ = {isa = PBXBuildFile; fileRef = 16655628271A0E0000DE83F4 /* SceneDelegate.swift */; };
		1665562B271A0E0000DE83F4 /* ViewController.swift in Sources */ = {isa = PBXBuildFile; fileRef = 1665562A271A0E0000DE83F4 /* ViewController.swift */; };
		1665562E271A0E0000DE83F4 /* Main.storyboard in Resources */ = {isa = PBXBuildFile; fileRef = 1665562C271A0E0000DE83F4 /* Main.storyboard */; };
		16655631271A0E0000DE83F4 /* ExpensesOrganizer.xcdatamodeld in Sources */ = {isa = PBXBuildFile; fileRef = 1665562F271A0E0000DE83F4 /* ExpensesOrganizer.xcdatamodeld */; };
		16655633271A0E0400DE83F4 /* Assets.xcassets in Resources */ = {isa = PBXBuildFile; fileRef = 16655632271A0E0400DE83F4 /* Assets.xcassets */; };
		16655636271A0E0400DE83F4 /* LaunchScreen.storyboard in Resources */ = {isa = PBXBuildFile; fileRef = 16655634271A0E0400DE83F4 /* LaunchScreen.storyboard */; };
		16655641271A0ECA00DE83F4 /* Localizable.strings in Resources */ = {isa = PBXBuildFile; fileRef = 16655643271A0ECA00DE83F4 /* Localizable.strings */; };
/* End PBXBuildFile section */

/* Begin PBXFileReference section */
		166529E7271E06870015BAA3 /* Item+CoreDataClass.swift */ = {isa = PBXFileReference; lastKnownFileType = sourcecode.swift; path = "Item+CoreDataClass.swift"; sourceTree = "<group>"; };
		166529E8271E06870015BAA3 /* Item+CoreDataProperties.swift */ = {isa = PBXFileReference; lastKnownFileType = sourcecode.swift; path = "Item+CoreDataProperties.swift"; sourceTree = "<group>"; };
		166529E9271E06870015BAA3 /* Wallet+CoreDataClass.swift */ = {isa = PBXFileReference; lastKnownFileType = sourcecode.swift; path = "Wallet+CoreDataClass.swift"; sourceTree = "<group>"; };
		166529EA271E06870015BAA3 /* Wallet+CoreDataProperties.swift */ = {isa = PBXFileReference; lastKnownFileType = sourcecode.swift; path = "Wallet+CoreDataProperties.swift"; sourceTree = "<group>"; };
		166529EB271E06870015BAA3 /* Template+CoreDataClass.swift */ = {isa = PBXFileReference; lastKnownFileType = sourcecode.swift; path = "Template+CoreDataClass.swift"; sourceTree = "<group>"; };
		166529EC271E06870015BAA3 /* Template+CoreDataProperties.swift */ = {isa = PBXFileReference; lastKnownFileType = sourcecode.swift; path = "Template+CoreDataProperties.swift"; sourceTree = "<group>"; };
		166529ED271E06870015BAA3 /* Goal+CoreDataClass.swift */ = {isa = PBXFileReference; lastKnownFileType = sourcecode.swift; path = "Goal+CoreDataClass.swift"; sourceTree = "<group>"; };
		166529EE271E06870015BAA3 /* Goal+CoreDataProperties.swift */ = {isa = PBXFileReference; lastKnownFileType = sourcecode.swift; path = "Goal+CoreDataProperties.swift"; sourceTree = "<group>"; };
		166529EF271E06870015BAA3 /* Transaction+CoreDataClass.swift */ = {isa = PBXFileReference; lastKnownFileType = sourcecode.swift; path = "Transaction+CoreDataClass.swift"; sourceTree = "<group>"; };
		166529F0271E06870015BAA3 /* Transaction+CoreDataProperties.swift */ = {isa = PBXFileReference; lastKnownFileType = sourcecode.swift; path = "Transaction+CoreDataProperties.swift"; sourceTree = "<group>"; };
		16655623271A0E0000DE83F4 /* ExpensesOrganizer.app */ = {isa = PBXFileReference; explicitFileType = wrapper.application; includeInIndex = 0; path = ExpensesOrganizer.app; sourceTree = BUILT_PRODUCTS_DIR; };
		16655626271A0E0000DE83F4 /* AppDelegate.swift */ = {isa = PBXFileReference; lastKnownFileType = sourcecode.swift; path = AppDelegate.swift; sourceTree = "<group>"; };
		16655628271A0E0000DE83F4 /* SceneDelegate.swift */ = {isa = PBXFileReference; lastKnownFileType = sourcecode.swift; path = SceneDelegate.swift; sourceTree = "<group>"; };
		1665562A271A0E0000DE83F4 /* ViewController.swift */ = {isa = PBXFileReference; lastKnownFileType = sourcecode.swift; path = ViewController.swift; sourceTree = "<group>"; };
		1665562D271A0E0000DE83F4 /* Base */ = {isa = PBXFileReference; lastKnownFileType = file.storyboard; name = Base; path = Base.lproj/Main.storyboard; sourceTree = "<group>"; };
		16655630271A0E0000DE83F4 /* ExpensesOrganizer.xcdatamodel */ = {isa = PBXFileReference; lastKnownFileType = wrapper.xcdatamodel; path = ExpensesOrganizer.xcdatamodel; sourceTree = "<group>"; };
		16655632271A0E0400DE83F4 /* Assets.xcassets */ = {isa = PBXFileReference; lastKnownFileType = folder.assetcatalog; path = Assets.xcassets; sourceTree = "<group>"; };
		16655635271A0E0400DE83F4 /* Base */ = {isa = PBXFileReference; lastKnownFileType = file.storyboard; name = Base; path = Base.lproj/LaunchScreen.storyboard; sourceTree = "<group>"; };
		16655637271A0E0400DE83F4 /* Info.plist */ = {isa = PBXFileReference; lastKnownFileType = text.plist.xml; path = Info.plist; sourceTree = "<group>"; };
		1665563D271A0E6400DE83F4 /* pt-BR */ = {isa = PBXFileReference; lastKnownFileType = text.plist.strings; name = "pt-BR"; path = "pt-BR.lproj/Main.strings"; sourceTree = "<group>"; };
		1665563E271A0E6500DE83F4 /* pt-BR */ = {isa = PBXFileReference; lastKnownFileType = text.plist.strings; name = "pt-BR"; path = "pt-BR.lproj/LaunchScreen.strings"; sourceTree = "<group>"; };
		16655642271A0ECA00DE83F4 /* en */ = {isa = PBXFileReference; lastKnownFileType = text.plist.strings; name = en; path = en.lproj/Localizable.strings; sourceTree = "<group>"; };
		16655644271A0ECC00DE83F4 /* pt-BR */ = {isa = PBXFileReference; lastKnownFileType = text.plist.strings; name = "pt-BR"; path = "pt-BR.lproj/Localizable.strings"; sourceTree = "<group>"; };
/* End PBXFileReference section */

/* Begin PBXFrameworksBuildPhase section */
		16655620271A0E0000DE83F4 /* Frameworks */ = {
			isa = PBXFrameworksBuildPhase;
			buildActionMask = 2147483647;
			files = (
			);
			runOnlyForDeploymentPostprocessing = 0;
		};
/* End PBXFrameworksBuildPhase section */

/* Begin PBXGroup section */
		1665561A271A0E0000DE83F4 = {
			isa = PBXGroup;
			children = (
				166529E7271E06870015BAA3 /* Item+CoreDataClass.swift */,
				166529E8271E06870015BAA3 /* Item+CoreDataProperties.swift */,
				166529E9271E06870015BAA3 /* Wallet+CoreDataClass.swift */,
				166529EA271E06870015BAA3 /* Wallet+CoreDataProperties.swift */,
				166529EB271E06870015BAA3 /* Template+CoreDataClass.swift */,
				166529EC271E06870015BAA3 /* Template+CoreDataProperties.swift */,
				166529ED271E06870015BAA3 /* Goal+CoreDataClass.swift */,
				166529EE271E06870015BAA3 /* Goal+CoreDataProperties.swift */,
				166529EF271E06870015BAA3 /* Transaction+CoreDataClass.swift */,
				166529F0271E06870015BAA3 /* Transaction+CoreDataProperties.swift */,
				16655625271A0E0000DE83F4 /* ExpensesOrganizer */,
				16655624271A0E0000DE83F4 /* Products */,
			);
			sourceTree = "<group>";
		};
		16655624271A0E0000DE83F4 /* Products */ = {
			isa = PBXGroup;
			children = (
				16655623271A0E0000DE83F4 /* ExpensesOrganizer.app */,
			);
			name = Products;
			sourceTree = "<group>";
		};
		16655625271A0E0000DE83F4 /* ExpensesOrganizer */ = {
			isa = PBXGroup;
			children = (
				16655626271A0E0000DE83F4 /* AppDelegate.swift */,
				16655643271A0ECA00DE83F4 /* Localizable.strings */,
				16655628271A0E0000DE83F4 /* SceneDelegate.swift */,
				1665562A271A0E0000DE83F4 /* ViewController.swift */,
				1665562C271A0E0000DE83F4 /* Main.storyboard */,
				16655632271A0E0400DE83F4 /* Assets.xcassets */,
				16655634271A0E0400DE83F4 /* LaunchScreen.storyboard */,
				16655637271A0E0400DE83F4 /* Info.plist */,
				1665562F271A0E0000DE83F4 /* ExpensesOrganizer.xcdatamodeld */,
			);
			path = ExpensesOrganizer;
			sourceTree = "<group>";
		};
/* End PBXGroup section */

/* Begin PBXNativeTarget section */
		16655622271A0E0000DE83F4 /* ExpensesOrganizer */ = {
			isa = PBXNativeTarget;
			buildConfigurationList = 1665563A271A0E0400DE83F4 /* Build configuration list for PBXNativeTarget "ExpensesOrganizer" */;
			buildPhases = (
				16655645271A14CF00DE83F4 /* SwiftLint */,
				1665561F271A0E0000DE83F4 /* Sources */,
				16655620271A0E0000DE83F4 /* Frameworks */,
				16655621271A0E0000DE83F4 /* Resources */,
			);
			buildRules = (
			);
			dependencies = (
			);
			name = ExpensesOrganizer;
			productName = ExpensesOrganizer;
			productReference = 16655623271A0E0000DE83F4 /* ExpensesOrganizer.app */;
			productType = "com.apple.product-type.application";
		};
/* End PBXNativeTarget section */

/* Begin PBXProject section */
		1665561B271A0E0000DE83F4 /* Project object */ = {
			isa = PBXProject;
			attributes = {
				BuildIndependentTargetsInParallel = 1;
				LastSwiftUpdateCheck = 1300;
				LastUpgradeCheck = 1300;
				TargetAttributes = {
					16655622271A0E0000DE83F4 = {
						CreatedOnToolsVersion = 13.0;
					};
				};
			};
			buildConfigurationList = 1665561E271A0E0000DE83F4 /* Build configuration list for PBXProject "ExpensesOrganizer" */;
			compatibilityVersion = "Xcode 13.0";
			developmentRegion = en;
			hasScannedForEncodings = 0;
			knownRegions = (
				en,
				Base,
				"pt-BR",
			);
			mainGroup = 1665561A271A0E0000DE83F4;
			productRefGroup = 16655624271A0E0000DE83F4 /* Products */;
			projectDirPath = "";
			projectRoot = "";
			targets = (
				16655622271A0E0000DE83F4 /* ExpensesOrganizer */,
			);
		};
/* End PBXProject section */

/* Begin PBXResourcesBuildPhase section */
		16655621271A0E0000DE83F4 /* Resources */ = {
			isa = PBXResourcesBuildPhase;
			buildActionMask = 2147483647;
			files = (
				16655636271A0E0400DE83F4 /* LaunchScreen.storyboard in Resources */,
				16655641271A0ECA00DE83F4 /* Localizable.strings in Resources */,
				16655633271A0E0400DE83F4 /* Assets.xcassets in Resources */,
				1665562E271A0E0000DE83F4 /* Main.storyboard in Resources */,
			);
			runOnlyForDeploymentPostprocessing = 0;
		};
/* End PBXResourcesBuildPhase section */

/* Begin PBXShellScriptBuildPhase section */
		16655645271A14CF00DE83F4 /* SwiftLint */ = {
			isa = PBXShellScriptBuildPhase;
			buildActionMask = 2147483647;
			files = (
			);
			inputFileListPaths = (
			);
			inputPaths = (
			);
			name = SwiftLint;
			outputFileListPaths = (
			);
			outputPaths = (
			);
			runOnlyForDeploymentPostprocessing = 0;
			shellPath = /bin/sh;
			shellScript = "if which swiftlint >/dev/null; then\n  swiftlint\nelse\n  echo \"warning: SwiftLint not installed, download from https://github.com/realm/SwiftLint\"\nfi\n";
		};
/* End PBXShellScriptBuildPhase section */

/* Begin PBXSourcesBuildPhase section */
		1665561F271A0E0000DE83F4 /* Sources */ = {
			isa = PBXSourcesBuildPhase;
			buildActionMask = 2147483647;
			files = (
				166529F2271E06870015BAA3 /* Item+CoreDataProperties.swift in Sources */,
				166529F1271E06870015BAA3 /* Item+CoreDataClass.swift in Sources */,
				166529F8271E06870015BAA3 /* Goal+CoreDataProperties.swift in Sources */,
				1665562B271A0E0000DE83F4 /* ViewController.swift in Sources */,
				16655627271A0E0000DE83F4 /* AppDelegate.swift in Sources */,
				166529F3271E06870015BAA3 /* Wallet+CoreDataClass.swift in Sources */,
				16655631271A0E0000DE83F4 /* ExpensesOrganizer.xcdatamodeld in Sources */,
				166529F4271E06870015BAA3 /* Wallet+CoreDataProperties.swift in Sources */,
				166529FA271E06870015BAA3 /* Transaction+CoreDataProperties.swift in Sources */,
				166529F7271E06870015BAA3 /* Goal+CoreDataClass.swift in Sources */,
				166529F9271E06870015BAA3 /* Transaction+CoreDataClass.swift in Sources */,
				166529F6271E06870015BAA3 /* Template+CoreDataProperties.swift in Sources */,
				16655629271A0E0000DE83F4 /* SceneDelegate.swift in Sources */,
				166529F5271E06870015BAA3 /* Template+CoreDataClass.swift in Sources */,
			);
			runOnlyForDeploymentPostprocessing = 0;
		};
/* End PBXSourcesBuildPhase section */

/* Begin PBXVariantGroup section */
		1665562C271A0E0000DE83F4 /* Main.storyboard */ = {
			isa = PBXVariantGroup;
			children = (
				1665562D271A0E0000DE83F4 /* Base */,
				1665563D271A0E6400DE83F4 /* pt-BR */,
			);
			name = Main.storyboard;
			sourceTree = "<group>";
		};
		16655634271A0E0400DE83F4 /* LaunchScreen.storyboard */ = {
			isa = PBXVariantGroup;
			children = (
				16655635271A0E0400DE83F4 /* Base */,
				1665563E271A0E6500DE83F4 /* pt-BR */,
			);
			name = LaunchScreen.storyboard;
			sourceTree = "<group>";
		};
		16655643271A0ECA00DE83F4 /* Localizable.strings */ = {
			isa = PBXVariantGroup;
			children = (
				16655642271A0ECA00DE83F4 /* en */,
				16655644271A0ECC00DE83F4 /* pt-BR */,
			);
			name = Localizable.strings;
			sourceTree = "<group>";
		};
/* End PBXVariantGroup section */

/* Begin XCBuildConfiguration section */
		16655638271A0E0400DE83F4 /* Debug */ = {
			isa = XCBuildConfiguration;
			buildSettings = {
				ALWAYS_SEARCH_USER_PATHS = NO;
				CLANG_ANALYZER_LOCALIZABILITY_NONLOCALIZED = YES;
				CLANG_ANALYZER_NONNULL = YES;
				CLANG_ANALYZER_NUMBER_OBJECT_CONVERSION = YES_AGGRESSIVE;
				CLANG_CXX_LANGUAGE_STANDARD = "gnu++17";
				CLANG_CXX_LIBRARY = "libc++";
				CLANG_ENABLE_MODULES = YES;
				CLANG_ENABLE_OBJC_ARC = YES;
				CLANG_ENABLE_OBJC_WEAK = YES;
				CLANG_WARN_BLOCK_CAPTURE_AUTORELEASING = YES;
				CLANG_WARN_BOOL_CONVERSION = YES;
				CLANG_WARN_COMMA = YES;
				CLANG_WARN_CONSTANT_CONVERSION = YES;
				CLANG_WARN_DEPRECATED_OBJC_IMPLEMENTATIONS = YES;
				CLANG_WARN_DIRECT_OBJC_ISA_USAGE = YES_ERROR;
				CLANG_WARN_DOCUMENTATION_COMMENTS = YES;
				CLANG_WARN_EMPTY_BODY = YES;
				CLANG_WARN_ENUM_CONVERSION = YES;
				CLANG_WARN_INFINITE_RECURSION = YES;
				CLANG_WARN_INT_CONVERSION = YES;
				CLANG_WARN_NON_LITERAL_NULL_CONVERSION = YES;
				CLANG_WARN_OBJC_IMPLICIT_RETAIN_SELF = YES;
				CLANG_WARN_OBJC_LITERAL_CONVERSION = YES;
				CLANG_WARN_OBJC_ROOT_CLASS = YES_ERROR;
				CLANG_WARN_QUOTED_INCLUDE_IN_FRAMEWORK_HEADER = YES;
				CLANG_WARN_RANGE_LOOP_ANALYSIS = YES;
				CLANG_WARN_STRICT_PROTOTYPES = YES;
				CLANG_WARN_SUSPICIOUS_MOVE = YES;
				CLANG_WARN_UNGUARDED_AVAILABILITY = YES_AGGRESSIVE;
				CLANG_WARN_UNREACHABLE_CODE = YES;
				CLANG_WARN__DUPLICATE_METHOD_MATCH = YES;
				COPY_PHASE_STRIP = NO;
				DEBUG_INFORMATION_FORMAT = dwarf;
				ENABLE_STRICT_OBJC_MSGSEND = YES;
				ENABLE_TESTABILITY = YES;
				GCC_C_LANGUAGE_STANDARD = gnu11;
				GCC_DYNAMIC_NO_PIC = NO;
				GCC_NO_COMMON_BLOCKS = YES;
				GCC_OPTIMIZATION_LEVEL = 0;
				GCC_PREPROCESSOR_DEFINITIONS = (
					"DEBUG=1",
					"$(inherited)",
				);
				GCC_WARN_64_TO_32_BIT_CONVERSION = YES;
				GCC_WARN_ABOUT_RETURN_TYPE = YES_ERROR;
				GCC_WARN_UNDECLARED_SELECTOR = YES;
				GCC_WARN_UNINITIALIZED_AUTOS = YES_AGGRESSIVE;
				GCC_WARN_UNUSED_FUNCTION = YES;
				GCC_WARN_UNUSED_VARIABLE = YES;
				IPHONEOS_DEPLOYMENT_TARGET = 13.0;
				MTL_ENABLE_DEBUG_INFO = INCLUDE_SOURCE;
				MTL_FAST_MATH = YES;
				ONLY_ACTIVE_ARCH = YES;
				SDKROOT = iphoneos;
				SWIFT_ACTIVE_COMPILATION_CONDITIONS = DEBUG;
				SWIFT_OPTIMIZATION_LEVEL = "-Onone";
			};
			name = Debug;
		};
		16655639271A0E0400DE83F4 /* Release */ = {
			isa = XCBuildConfiguration;
			buildSettings = {
				ALWAYS_SEARCH_USER_PATHS = NO;
				CLANG_ANALYZER_LOCALIZABILITY_NONLOCALIZED = YES;
				CLANG_ANALYZER_NONNULL = YES;
				CLANG_ANALYZER_NUMBER_OBJECT_CONVERSION = YES_AGGRESSIVE;
				CLANG_CXX_LANGUAGE_STANDARD = "gnu++17";
				CLANG_CXX_LIBRARY = "libc++";
				CLANG_ENABLE_MODULES = YES;
				CLANG_ENABLE_OBJC_ARC = YES;
				CLANG_ENABLE_OBJC_WEAK = YES;
				CLANG_WARN_BLOCK_CAPTURE_AUTORELEASING = YES;
				CLANG_WARN_BOOL_CONVERSION = YES;
				CLANG_WARN_COMMA = YES;
				CLANG_WARN_CONSTANT_CONVERSION = YES;
				CLANG_WARN_DEPRECATED_OBJC_IMPLEMENTATIONS = YES;
				CLANG_WARN_DIRECT_OBJC_ISA_USAGE = YES_ERROR;
				CLANG_WARN_DOCUMENTATION_COMMENTS = YES;
				CLANG_WARN_EMPTY_BODY = YES;
				CLANG_WARN_ENUM_CONVERSION = YES;
				CLANG_WARN_INFINITE_RECURSION = YES;
				CLANG_WARN_INT_CONVERSION = YES;
				CLANG_WARN_NON_LITERAL_NULL_CONVERSION = YES;
				CLANG_WARN_OBJC_IMPLICIT_RETAIN_SELF = YES;
				CLANG_WARN_OBJC_LITERAL_CONVERSION = YES;
				CLANG_WARN_OBJC_ROOT_CLASS = YES_ERROR;
				CLANG_WARN_QUOTED_INCLUDE_IN_FRAMEWORK_HEADER = YES;
				CLANG_WARN_RANGE_LOOP_ANALYSIS = YES;
				CLANG_WARN_STRICT_PROTOTYPES = YES;
				CLANG_WARN_SUSPICIOUS_MOVE = YES;
				CLANG_WARN_UNGUARDED_AVAILABILITY = YES_AGGRESSIVE;
				CLANG_WARN_UNREACHABLE_CODE = YES;
				CLANG_WARN__DUPLICATE_METHOD_MATCH = YES;
				COPY_PHASE_STRIP = NO;
				DEBUG_INFORMATION_FORMAT = "dwarf-with-dsym";
				ENABLE_NS_ASSERTIONS = NO;
				ENABLE_STRICT_OBJC_MSGSEND = YES;
				GCC_C_LANGUAGE_STANDARD = gnu11;
				GCC_NO_COMMON_BLOCKS = YES;
				GCC_WARN_64_TO_32_BIT_CONVERSION = YES;
				GCC_WARN_ABOUT_RETURN_TYPE = YES_ERROR;
				GCC_WARN_UNDECLARED_SELECTOR = YES;
				GCC_WARN_UNINITIALIZED_AUTOS = YES_AGGRESSIVE;
				GCC_WARN_UNUSED_FUNCTION = YES;
				GCC_WARN_UNUSED_VARIABLE = YES;
				IPHONEOS_DEPLOYMENT_TARGET = 13.0;
				MTL_ENABLE_DEBUG_INFO = NO;
				MTL_FAST_MATH = YES;
				SDKROOT = iphoneos;
				SWIFT_COMPILATION_MODE = wholemodule;
				SWIFT_OPTIMIZATION_LEVEL = "-O";
				VALIDATE_PRODUCT = YES;
			};
			name = Release;
		};
		1665563B271A0E0400DE83F4 /* Debug */ = {
			isa = XCBuildConfiguration;
			buildSettings = {
				ASSETCATALOG_COMPILER_APPICON_NAME = AppIcon;
				ASSETCATALOG_COMPILER_GLOBAL_ACCENT_COLOR_NAME = AccentColor;
				CODE_SIGN_STYLE = Automatic;
				CURRENT_PROJECT_VERSION = 1;
				DEVELOPMENT_TEAM = KSCMH866UD;
				GENERATE_INFOPLIST_FILE = YES;
				INFOPLIST_FILE = ExpensesOrganizer/Info.plist;
				INFOPLIST_KEY_UIApplicationSupportsIndirectInputEvents = YES;
				INFOPLIST_KEY_UILaunchStoryboardName = LaunchScreen;
				INFOPLIST_KEY_UIMainStoryboardFile = Main;
				INFOPLIST_KEY_UISupportedInterfaceOrientations = UIInterfaceOrientationPortrait;
				INFOPLIST_KEY_UISupportedInterfaceOrientations_iPad = "UIInterfaceOrientationPortrait UIInterfaceOrientationPortraitUpsideDown UIInterfaceOrientationLandscapeLeft UIInterfaceOrientationLandscapeRight";
				INFOPLIST_KEY_UISupportedInterfaceOrientations_iPhone = "UIInterfaceOrientationPortrait UIInterfaceOrientationLandscapeLeft UIInterfaceOrientationLandscapeRight";
				IPHONEOS_DEPLOYMENT_TARGET = 13.0;
				LD_RUNPATH_SEARCH_PATHS = (
					"$(inherited)",
					"@executable_path/Frameworks",
				);
				MARKETING_VERSION = 1.0;
				PRODUCT_BUNDLE_IDENTIFIER = aline.ExpensesOrganizer;
				PRODUCT_NAME = "$(TARGET_NAME)";
				SWIFT_EMIT_LOC_STRINGS = YES;
				SWIFT_VERSION = 5.0;
				TARGETED_DEVICE_FAMILY = 1;
			};
			name = Debug;
		};
		1665563C271A0E0400DE83F4 /* Release */ = {
			isa = XCBuildConfiguration;
			buildSettings = {
				ASSETCATALOG_COMPILER_APPICON_NAME = AppIcon;
				ASSETCATALOG_COMPILER_GLOBAL_ACCENT_COLOR_NAME = AccentColor;
				CODE_SIGN_STYLE = Automatic;
				CURRENT_PROJECT_VERSION = 1;
				DEVELOPMENT_TEAM = KSCMH866UD;
				GENERATE_INFOPLIST_FILE = YES;
				INFOPLIST_FILE = ExpensesOrganizer/Info.plist;
				INFOPLIST_KEY_UIApplicationSupportsIndirectInputEvents = YES;
				INFOPLIST_KEY_UILaunchStoryboardName = LaunchScreen;
				INFOPLIST_KEY_UIMainStoryboardFile = Main;
				INFOPLIST_KEY_UISupportedInterfaceOrientations = UIInterfaceOrientationPortrait;
				INFOPLIST_KEY_UISupportedInterfaceOrientations_iPad = "UIInterfaceOrientationPortrait UIInterfaceOrientationPortraitUpsideDown UIInterfaceOrientationLandscapeLeft UIInterfaceOrientationLandscapeRight";
				INFOPLIST_KEY_UISupportedInterfaceOrientations_iPhone = "UIInterfaceOrientationPortrait UIInterfaceOrientationLandscapeLeft UIInterfaceOrientationLandscapeRight";
				IPHONEOS_DEPLOYMENT_TARGET = 13.0;
				LD_RUNPATH_SEARCH_PATHS = (
					"$(inherited)",
					"@executable_path/Frameworks",
				);
				MARKETING_VERSION = 1.0;
				PRODUCT_BUNDLE_IDENTIFIER = aline.ExpensesOrganizer;
				PRODUCT_NAME = "$(TARGET_NAME)";
				SWIFT_EMIT_LOC_STRINGS = YES;
				SWIFT_VERSION = 5.0;
				TARGETED_DEVICE_FAMILY = 1;
			};
			name = Release;
		};
/* End XCBuildConfiguration section */

/* Begin XCConfigurationList section */
		1665561E271A0E0000DE83F4 /* Build configuration list for PBXProject "ExpensesOrganizer" */ = {
			isa = XCConfigurationList;
			buildConfigurations = (
				16655638271A0E0400DE83F4 /* Debug */,
				16655639271A0E0400DE83F4 /* Release */,
			);
			defaultConfigurationIsVisible = 0;
			defaultConfigurationName = Release;
		};
		1665563A271A0E0400DE83F4 /* Build configuration list for PBXNativeTarget "ExpensesOrganizer" */ = {
			isa = XCConfigurationList;
			buildConfigurations = (
				1665563B271A0E0400DE83F4 /* Debug */,
				1665563C271A0E0400DE83F4 /* Release */,
			);
			defaultConfigurationIsVisible = 0;
			defaultConfigurationName = Release;
		};
/* End XCConfigurationList section */

/* Begin XCVersionGroup section */
		1665562F271A0E0000DE83F4 /* ExpensesOrganizer.xcdatamodeld */ = {
			isa = XCVersionGroup;
			children = (
				16655630271A0E0000DE83F4 /* ExpensesOrganizer.xcdatamodel */,
			);
			currentVersion = 16655630271A0E0000DE83F4 /* ExpensesOrganizer.xcdatamodel */;
			path = ExpensesOrganizer.xcdatamodeld;
			sourceTree = "<group>";
			versionGroupType = wrapper.xcdatamodel;
		};
/* End XCVersionGroup section */
	};
	rootObject = 1665561B271A0E0000DE83F4 /* Project object */;
}
