// !$*UTF8*$!
{
	archiveVersion = 1;
	classes = {
	};
	objectVersion = 55;
	objects = {

/* Begin PBXBuildFile section */
		077626EF273D8D7C002B691E /* OnboardingSlide.swift in Sources */ = {isa = PBXBuildFile; fileRef = 077626EE273D8D7C002B691E /* OnboardingSlide.swift */; };
		077626F2273DBC01002B691E /* LastOnboardingScreenViewController.swift in Sources */ = {isa = PBXBuildFile; fileRef = 077626F1273DBC01002B691E /* LastOnboardingScreenViewController.swift */; };
		077CAFF827273759007D58C1 /* WalletsTableViewCell.swift in Sources */ = {isa = PBXBuildFile; fileRef = 077CAFF727273759007D58C1 /* WalletsTableViewCell.swift */; };
		077CAFFA27274147007D58C1 /* WalletCollectionViewCell.swift in Sources */ = {isa = PBXBuildFile; fileRef = 077CAFF927274147007D58C1 /* WalletCollectionViewCell.swift */; };
		07B88B72273C391600D484E5 /* Onboarding.storyboard in Resources */ = {isa = PBXBuildFile; fileRef = 07B88B71273C391600D484E5 /* Onboarding.storyboard */; };
		07B88B74273C397300D484E5 /* OnboardingViewController.swift in Sources */ = {isa = PBXBuildFile; fileRef = 07B88B73273C397300D484E5 /* OnboardingViewController.swift */; };
		07B88B76273C543900D484E5 /* OnboardingCollectionViewCell.swift in Sources */ = {isa = PBXBuildFile; fileRef = 07B88B75273C543900D484E5 /* OnboardingCollectionViewCell.swift */; };
		07E20F2E272C80F90087835E /* BalanceInsideTableViewCell.swift in Sources */ = {isa = PBXBuildFile; fileRef = 07E20F2D272C80F90087835E /* BalanceInsideTableViewCell.swift */; };
		07E20F3027345B370087835E /* AddWalletInsideTableViewCell.swift in Sources */ = {isa = PBXBuildFile; fileRef = 07E20F2F27345B370087835E /* AddWalletInsideTableViewCell.swift */; };
		07E20F3227345B7E0087835E /* WalletsInsideTableViewCell.swift in Sources */ = {isa = PBXBuildFile; fileRef = 07E20F3127345B7E0087835E /* WalletsInsideTableViewCell.swift */; };
		16279ACB273F01C1005A01B8 /* RoundButonWithoutLabelCollectionViewCell.swift in Sources */ = {isa = PBXBuildFile; fileRef = 16279AC9273F01C1005A01B8 /* RoundButonWithoutLabelCollectionViewCell.swift */; };
		16279ACC273F01C1005A01B8 /* RoundButonWithoutLabelCollectionViewCell.xib in Resources */ = {isa = PBXBuildFile; fileRef = 16279ACA273F01C1005A01B8 /* RoundButonWithoutLabelCollectionViewCell.xib */; };
		16279ACE273F03EE005A01B8 /* PlanningIconSelectionViewController.swift in Sources */ = {isa = PBXBuildFile; fileRef = 16279ACD273F03EE005A01B8 /* PlanningIconSelectionViewController.swift */; };
		16655627271A0E0000DE83F4 /* AppDelegate.swift in Sources */ = {isa = PBXBuildFile; fileRef = 16655626271A0E0000DE83F4 /* AppDelegate.swift */; };
		16655629271A0E0000DE83F4 /* SceneDelegate.swift in Sources */ = {isa = PBXBuildFile; fileRef = 16655628271A0E0000DE83F4 /* SceneDelegate.swift */; };
		1665562B271A0E0000DE83F4 /* DashboardViewController.swift in Sources */ = {isa = PBXBuildFile; fileRef = 1665562A271A0E0000DE83F4 /* DashboardViewController.swift */; };
		1665562E271A0E0000DE83F4 /* Dashboard.storyboard in Resources */ = {isa = PBXBuildFile; fileRef = 1665562C271A0E0000DE83F4 /* Dashboard.storyboard */; };
		16655631271A0E0000DE83F4 /* ExpensesOrganizer.xcdatamodeld in Sources */ = {isa = PBXBuildFile; fileRef = 1665562F271A0E0000DE83F4 /* ExpensesOrganizer.xcdatamodeld */; };
		16655633271A0E0400DE83F4 /* Assets.xcassets in Resources */ = {isa = PBXBuildFile; fileRef = 16655632271A0E0400DE83F4 /* Assets.xcassets */; };
		16655636271A0E0400DE83F4 /* LaunchScreen.storyboard in Resources */ = {isa = PBXBuildFile; fileRef = 16655634271A0E0400DE83F4 /* LaunchScreen.storyboard */; };
		16655641271A0ECA00DE83F4 /* Localizable.strings in Resources */ = {isa = PBXBuildFile; fileRef = 16655643271A0ECA00DE83F4 /* Localizable.strings */; };
		1690482E273C5A670011A11D /* AddNewPlanning.storyboard in Resources */ = {isa = PBXBuildFile; fileRef = 1690482D273C5A670011A11D /* AddNewPlanning.storyboard */; };
		16904830273C5C550011A11D /* AddNewPlanningViewController.swift in Sources */ = {isa = PBXBuildFile; fileRef = 1690482F273C5C550011A11D /* AddNewPlanningViewController.swift */; };
		16904832273D80F20011A11D /* PlanningNAmeTableViewCell.swift in Sources */ = {isa = PBXBuildFile; fileRef = 16904831273D80F20011A11D /* PlanningNAmeTableViewCell.swift */; };
		16904834273DA0D30011A11D /* PlannimgPaymentTableViewCell.swift in Sources */ = {isa = PBXBuildFile; fileRef = 16904833273DA0D30011A11D /* PlannimgPaymentTableViewCell.swift */; };
		16904836273DA1280011A11D /* PlanningIconTableViewCell.swift in Sources */ = {isa = PBXBuildFile; fileRef = 16904835273DA1280011A11D /* PlanningIconTableViewCell.swift */; };
		16904838273DB3C40011A11D /* NewPlanningButtonTableViewCell.swift in Sources */ = {isa = PBXBuildFile; fileRef = 16904837273DB3C40011A11D /* NewPlanningButtonTableViewCell.swift */; };
		1690483A273EDBC30011A11D /* PlanningSelectionWalletViewController.swift in Sources */ = {isa = PBXBuildFile; fileRef = 16904839273EDBC30011A11D /* PlanningSelectionWalletViewController.swift */; };
		16ADD0592735C53600FF6718 /* RoundButtonCollectionViewCell.swift in Sources */ = {isa = PBXBuildFile; fileRef = 16ADD0572735C53600FF6718 /* RoundButtonCollectionViewCell.swift */; };
		16ADD05A2735C53600FF6718 /* RoundButtonCollectionViewCell.xib in Resources */ = {isa = PBXBuildFile; fileRef = 16ADD0582735C53600FF6718 /* RoundButtonCollectionViewCell.xib */; };
		16B2D713271E0EA800E7BB84 /* Goal+CoreDataClass.swift in Sources */ = {isa = PBXBuildFile; fileRef = 16B2D709271E0EA800E7BB84 /* Goal+CoreDataClass.swift */; };
		16B2D715271E0EA800E7BB84 /* Transaction+CoreDataClass.swift in Sources */ = {isa = PBXBuildFile; fileRef = 16B2D70B271E0EA800E7BB84 /* Transaction+CoreDataClass.swift */; };
		16B2D717271E0EA800E7BB84 /* Item+CoreDataClass.swift in Sources */ = {isa = PBXBuildFile; fileRef = 16B2D70D271E0EA800E7BB84 /* Item+CoreDataClass.swift */; };
		16B2D719271E0EA800E7BB84 /* Wallet+CoreDataClass.swift in Sources */ = {isa = PBXBuildFile; fileRef = 16B2D70F271E0EA800E7BB84 /* Wallet+CoreDataClass.swift */; };
		16B2D71B271E0EA800E7BB84 /* Template+CoreDataClass.swift in Sources */ = {isa = PBXBuildFile; fileRef = 16B2D711271E0EA800E7BB84 /* Template+CoreDataClass.swift */; };
		16D0B25D27286CDA007BE30E /* TransactionsHeaderCell.swift in Sources */ = {isa = PBXBuildFile; fileRef = 16D0B25B27286CDA007BE30E /* TransactionsHeaderCell.swift */; };
		16D0B25E27286CDA007BE30E /* TransactionsHeaderCell.xib in Resources */ = {isa = PBXBuildFile; fileRef = 16D0B25C27286CDA007BE30E /* TransactionsHeaderCell.xib */; };
		16D0B26327287A3F007BE30E /* Transactions.storyboard in Resources */ = {isa = PBXBuildFile; fileRef = 16D0B26227287A3F007BE30E /* Transactions.storyboard */; };
		16D0B26627287A72007BE30E /* TransactionsViewController.swift in Sources */ = {isa = PBXBuildFile; fileRef = 16D0B26527287A72007BE30E /* TransactionsViewController.swift */; };
		16FA96E127273A7A007EB7CA /* TransactionCell.swift in Sources */ = {isa = PBXBuildFile; fileRef = 16FA96DF27273A7A007EB7CA /* TransactionCell.swift */; };
		16FA96E227273A7A007EB7CA /* TransactionCell.xib in Resources */ = {isa = PBXBuildFile; fileRef = 16FA96E027273A7A007EB7CA /* TransactionCell.xib */; };
		710269142735D3F500D62DEE /* AddIncomeRecurrencyViewController.swift in Sources */ = {isa = PBXBuildFile; fileRef = 710269132735D3F500D62DEE /* AddIncomeRecurrencyViewController.swift */; };
		710269162735D40700D62DEE /* AddIncomeCalendarViewController.swift in Sources */ = {isa = PBXBuildFile; fileRef = 710269152735D40700D62DEE /* AddIncomeCalendarViewController.swift */; };
		710269182737325F00D62DEE /* AddExpenseCategoriesCell.swift in Sources */ = {isa = PBXBuildFile; fileRef = 710269172737325F00D62DEE /* AddExpenseCategoriesCell.swift */; };
		710F1DC52729C55F005C06E1 /* Charts in Frameworks */ = {isa = PBXBuildFile; productRef = 710F1DC42729C55F005C06E1 /* Charts */; };
		710F1DC82729C8D6005C06E1 /* GraphicsTableViewCell.swift in Sources */ = {isa = PBXBuildFile; fileRef = 710F1DC62729C8D6005C06E1 /* GraphicsTableViewCell.swift */; };
		710F1DC92729C8D6005C06E1 /* GraphicsTableViewCell.xib in Resources */ = {isa = PBXBuildFile; fileRef = 710F1DC72729C8D6005C06E1 /* GraphicsTableViewCell.xib */; };
		710F1DD0272B2743005C06E1 /* PillMarker.swift in Sources */ = {isa = PBXBuildFile; fileRef = 710F1DCF272B2743005C06E1 /* PillMarker.swift */; };
		7140E5B52735101800685927 /* AddExpenseAllDoneViewController.swift in Sources */ = {isa = PBXBuildFile; fileRef = 7140E5B42735101800685927 /* AddExpenseAllDoneViewController.swift */; };
		7140E5B72735102C00685927 /* AddIncomeAllDoneViewController.swift in Sources */ = {isa = PBXBuildFile; fileRef = 7140E5B62735102C00685927 /* AddIncomeAllDoneViewController.swift */; };
		71737920273AEAE2007D83CC /* AddIncomeColectionViewController.swift in Sources */ = {isa = PBXBuildFile; fileRef = 7173791F273AEAE2007D83CC /* AddIncomeColectionViewController.swift */; };
		71CD631427359B8B007A3D75 /* AddExpenseRecurrencyViewController.swift in Sources */ = {isa = PBXBuildFile; fileRef = 71CD631327359B8B007A3D75 /* AddExpenseRecurrencyViewController.swift */; };
		71CD631627359B9C007A3D75 /* AddExpenseCalendarViewController.swift in Sources */ = {isa = PBXBuildFile; fileRef = 71CD631527359B9C007A3D75 /* AddExpenseCalendarViewController.swift */; };
		71D21EDF27441FDD0042AAED /* OnboardingPersistence.swift in Sources */ = {isa = PBXBuildFile; fileRef = 71D21EDE27441FDD0042AAED /* OnboardingPersistence.swift */; };
		71D21EE2274449870042AAED /* IQKeyboardManagerSwift in Frameworks */ = {isa = PBXBuildFile; productRef = 71D21EE1274449870042AAED /* IQKeyboardManagerSwift */; };
		71DDB4FF273D904300D527A6 /* AddExpenseColectionViewController.swift in Sources */ = {isa = PBXBuildFile; fileRef = 71DDB4FE273D904300D527A6 /* AddExpenseColectionViewController.swift */; };
		71FED85427330E1700B90A5A /* AddExpenseViewController.swift in Sources */ = {isa = PBXBuildFile; fileRef = 71FED85327330E1700B90A5A /* AddExpenseViewController.swift */; };
		71FED85627330E3500B90A5A /* AddIncomeViewController.swift in Sources */ = {isa = PBXBuildFile; fileRef = 71FED85527330E3500B90A5A /* AddIncomeViewController.swift */; };
		71FED85D2733147000B90A5A /* AddExpenseValueCell.swift in Sources */ = {isa = PBXBuildFile; fileRef = 71FED85C2733147000B90A5A /* AddExpenseValueCell.swift */; };
		71FED860273314DF00B90A5A /* AddExpenseNameCell.swift in Sources */ = {isa = PBXBuildFile; fileRef = 71FED85F273314DF00B90A5A /* AddExpenseNameCell.swift */; };
		71FED8622733151200B90A5A /* AddExpenseCategoryCell.swift in Sources */ = {isa = PBXBuildFile; fileRef = 71FED8612733151200B90A5A /* AddExpenseCategoryCell.swift */; };
		71FED8642733153000B90A5A /* AddExpensePaymentCell.swift in Sources */ = {isa = PBXBuildFile; fileRef = 71FED8632733153000B90A5A /* AddExpensePaymentCell.swift */; };
		71FED8662733159F00B90A5A /* AddExpensePlanningCell.swift in Sources */ = {isa = PBXBuildFile; fileRef = 71FED8652733159F00B90A5A /* AddExpensePlanningCell.swift */; };
		71FED86C273325A800B90A5A /* AddIncomeValueCell.swift in Sources */ = {isa = PBXBuildFile; fileRef = 71FED86B273325A800B90A5A /* AddIncomeValueCell.swift */; };
		71FED86E273325C900B90A5A /* AddIncomeNameCell.swift in Sources */ = {isa = PBXBuildFile; fileRef = 71FED86D273325C900B90A5A /* AddIncomeNameCell.swift */; };
		71FED870273325E100B90A5A /* AddIncomeCategoryCell.swift in Sources */ = {isa = PBXBuildFile; fileRef = 71FED86F273325E100B90A5A /* AddIncomeCategoryCell.swift */; };
		71FED8722733260F00B90A5A /* AddIncomeWalletCell.swift in Sources */ = {isa = PBXBuildFile; fileRef = 71FED8712733260F00B90A5A /* AddIncomeWalletCell.swift */; };
		71FED8742733263500B90A5A /* AddIncomePlanningCell.swift in Sources */ = {isa = PBXBuildFile; fileRef = 71FED8732733263500B90A5A /* AddIncomePlanningCell.swift */; };
		71FED87C27345F9000B90A5A /* WorkSans-Bold.ttf in Resources */ = {isa = PBXBuildFile; fileRef = 71FED87827345F8F00B90A5A /* WorkSans-Bold.ttf */; };
		71FED87D27345F9000B90A5A /* WorkSans-SemiBold.ttf in Resources */ = {isa = PBXBuildFile; fileRef = 71FED87927345F9000B90A5A /* WorkSans-SemiBold.ttf */; };
		71FED87E27345F9000B90A5A /* WorkSans-Medium.ttf in Resources */ = {isa = PBXBuildFile; fileRef = 71FED87A27345F9000B90A5A /* WorkSans-Medium.ttf */; };
		71FED87F27345F9000B90A5A /* WorkSans-Regular.ttf in Resources */ = {isa = PBXBuildFile; fileRef = 71FED87B27345F9000B90A5A /* WorkSans-Regular.ttf */; };
		F138B88F2720A950009F0837 /* ProfileTableViewCell.swift in Sources */ = {isa = PBXBuildFile; fileRef = F138B88E2720A950009F0837 /* ProfileTableViewCell.swift */; };
		F153F4622733BF20004F06CC /* CalendarViewController.swift in Sources */ = {isa = PBXBuildFile; fileRef = F153F4612733BF20004F06CC /* CalendarViewController.swift */; };
		F153F4642733BF2D004F06CC /* RecurrencyViewController.swift in Sources */ = {isa = PBXBuildFile; fileRef = F153F4632733BF2D004F06CC /* RecurrencyViewController.swift */; };
		F153F46627344630004F06CC /* CustomSizePresentationController.swift in Sources */ = {isa = PBXBuildFile; fileRef = F153F46527344630004F06CC /* CustomSizePresentationController.swift */; };
		F153F468273451C9004F06CC /* RecurrencyTypeTableViewCell.swift in Sources */ = {isa = PBXBuildFile; fileRef = F153F467273451C9004F06CC /* RecurrencyTypeTableViewCell.swift */; };
		F196D4FC2721ECF500CCAF81 /* BalanceTableViewCell.swift in Sources */ = {isa = PBXBuildFile; fileRef = F196D4FB2721ECF500CCAF81 /* BalanceTableViewCell.swift */; };
		F196D500272201F300CCAF81 /* ButtonsTableViewCell.swift in Sources */ = {isa = PBXBuildFile; fileRef = F196D4FF272201F300CCAF81 /* ButtonsTableViewCell.swift */; };
		F196D510272476A800CCAF81 /* Wallets.storyboard in Resources */ = {isa = PBXBuildFile; fileRef = F196D50F272476A800CCAF81 /* Wallets.storyboard */; };
		F196D512272476BE00CCAF81 /* WalletsViewController.swift in Sources */ = {isa = PBXBuildFile; fileRef = F196D511272476BE00CCAF81 /* WalletsViewController.swift */; };
		F196D5142724770100CCAF81 /* Goals.storyboard in Resources */ = {isa = PBXBuildFile; fileRef = F196D5132724770100CCAF81 /* Goals.storyboard */; };
		F196D5162724771C00CCAF81 /* GoalsViewController.swift in Sources */ = {isa = PBXBuildFile; fileRef = F196D5152724771C00CCAF81 /* GoalsViewController.swift */; };
		F196D5182724773C00CCAF81 /* PlanningViewController.swift in Sources */ = {isa = PBXBuildFile; fileRef = F196D5172724773C00CCAF81 /* PlanningViewController.swift */; };
		F196D51A2724774500CCAF81 /* Planning.storyboard in Resources */ = {isa = PBXBuildFile; fileRef = F196D5192724774500CCAF81 /* Planning.storyboard */; };
		F196D51C2724776500CCAF81 /* AdditionViewController.swift in Sources */ = {isa = PBXBuildFile; fileRef = F196D51B2724776500CCAF81 /* AdditionViewController.swift */; };
		F196D51E2724776E00CCAF81 /* Addition.storyboard in Resources */ = {isa = PBXBuildFile; fileRef = F196D51D2724776E00CCAF81 /* Addition.storyboard */; };
		F196D52127247D0200CCAF81 /* Extensions.swift in Sources */ = {isa = PBXBuildFile; fileRef = F196D52027247D0200CCAF81 /* Extensions.swift */; };
		F19FF1A5272882FB0041F5E3 /* AddWalletCollectionViewCell.swift in Sources */ = {isa = PBXBuildFile; fileRef = F19FF1A4272882FB0041F5E3 /* AddWalletCollectionViewCell.swift */; };
		F19FF1A8272888E80041F5E3 /* WalletDetail.storyboard in Resources */ = {isa = PBXBuildFile; fileRef = F19FF1A7272888E80041F5E3 /* WalletDetail.storyboard */; };
		F19FF1AC2728890D0041F5E3 /* WalletDetailViewController.swift in Sources */ = {isa = PBXBuildFile; fileRef = F19FF1AB2728890D0041F5E3 /* WalletDetailViewController.swift */; };
		F19FF1B1272889500041F5E3 /* WalletCreationViewController.swift in Sources */ = {isa = PBXBuildFile; fileRef = F19FF1B0272889500041F5E3 /* WalletCreationViewController.swift */; };
		F19FF1B32728896C0041F5E3 /* WalletCreation.storyboard in Resources */ = {isa = PBXBuildFile; fileRef = F19FF1B22728896C0041F5E3 /* WalletCreation.storyboard */; };
		F1BBB940273C527700B5746D /* WalletSelectionTableViewCell.swift in Sources */ = {isa = PBXBuildFile; fileRef = F1BBB93F273C527700B5746D /* WalletSelectionTableViewCell.swift */; };
		F1BBB942273C5FF300B5746D /* WalletSelectionViewController.swift in Sources */ = {isa = PBXBuildFile; fileRef = F1BBB941273C5FF300B5746D /* WalletSelectionViewController.swift */; };
		F1CE7149272C8647002D6020 /* CurrencyTableViewCell.swift in Sources */ = {isa = PBXBuildFile; fileRef = F1CE7148272C8647002D6020 /* CurrencyTableViewCell.swift */; };
		F1CE714B272C867C002D6020 /* DescriptionTableViewCell.swift in Sources */ = {isa = PBXBuildFile; fileRef = F1CE714A272C867C002D6020 /* DescriptionTableViewCell.swift */; };
		F1CE714D272C8776002D6020 /* PlanningTableViewCell.swift in Sources */ = {isa = PBXBuildFile; fileRef = F1CE714C272C8776002D6020 /* PlanningTableViewCell.swift */; };
		F1FA9973273AE6E60034483E /* PlanningDetail.storyboard in Resources */ = {isa = PBXBuildFile; fileRef = F1FA9972273AE6E60034483E /* PlanningDetail.storyboard */; };
		F1FA9975273AE7050034483E /* PlanningDetailViewController.swift in Sources */ = {isa = PBXBuildFile; fileRef = F1FA9974273AE7050034483E /* PlanningDetailViewController.swift */; };
		F1FA9977273B20230034483E /* PlanningEditionTableViewCell.swift in Sources */ = {isa = PBXBuildFile; fileRef = F1FA9976273B20230034483E /* PlanningEditionTableViewCell.swift */; };
		F1FA9979273B2B910034483E /* TotalPlanningBalanceTableViewCell.swift in Sources */ = {isa = PBXBuildFile; fileRef = F1FA9978273B2B910034483E /* TotalPlanningBalanceTableViewCell.swift */; };
		F1FA997B273B2D5C0034483E /* PlanningItemTableViewCell.swift in Sources */ = {isa = PBXBuildFile; fileRef = F1FA997A273B2D5C0034483E /* PlanningItemTableViewCell.swift */; };
		F1FA997E273B44850034483E /* Item.storyboard in Resources */ = {isa = PBXBuildFile; fileRef = F1FA997D273B44850034483E /* Item.storyboard */; };
		F1FA9982273B44D20034483E /* ItemViewController.swift in Sources */ = {isa = PBXBuildFile; fileRef = F1FA9981273B44D20034483E /* ItemViewController.swift */; };
/* End PBXBuildFile section */

/* Begin PBXFileReference section */
		077626EE273D8D7C002B691E /* OnboardingSlide.swift */ = {isa = PBXFileReference; lastKnownFileType = sourcecode.swift; path = OnboardingSlide.swift; sourceTree = "<group>"; };
		077626F1273DBC01002B691E /* LastOnboardingScreenViewController.swift */ = {isa = PBXFileReference; lastKnownFileType = sourcecode.swift; path = LastOnboardingScreenViewController.swift; sourceTree = "<group>"; };
		077CAFF727273759007D58C1 /* WalletsTableViewCell.swift */ = {isa = PBXFileReference; lastKnownFileType = sourcecode.swift; path = WalletsTableViewCell.swift; sourceTree = "<group>"; };
		077CAFF927274147007D58C1 /* WalletCollectionViewCell.swift */ = {isa = PBXFileReference; lastKnownFileType = sourcecode.swift; path = WalletCollectionViewCell.swift; sourceTree = "<group>"; };
		07B88B71273C391600D484E5 /* Onboarding.storyboard */ = {isa = PBXFileReference; lastKnownFileType = file.storyboard; path = Onboarding.storyboard; sourceTree = "<group>"; };
		07B88B73273C397300D484E5 /* OnboardingViewController.swift */ = {isa = PBXFileReference; lastKnownFileType = sourcecode.swift; path = OnboardingViewController.swift; sourceTree = "<group>"; };
		07B88B75273C543900D484E5 /* OnboardingCollectionViewCell.swift */ = {isa = PBXFileReference; lastKnownFileType = sourcecode.swift; path = OnboardingCollectionViewCell.swift; sourceTree = "<group>"; };
		07E20F2D272C80F90087835E /* BalanceInsideTableViewCell.swift */ = {isa = PBXFileReference; lastKnownFileType = sourcecode.swift; path = BalanceInsideTableViewCell.swift; sourceTree = "<group>"; };
		07E20F2F27345B370087835E /* AddWalletInsideTableViewCell.swift */ = {isa = PBXFileReference; lastKnownFileType = sourcecode.swift; path = AddWalletInsideTableViewCell.swift; sourceTree = "<group>"; };
		07E20F3127345B7E0087835E /* WalletsInsideTableViewCell.swift */ = {isa = PBXFileReference; lastKnownFileType = sourcecode.swift; path = WalletsInsideTableViewCell.swift; sourceTree = "<group>"; };
		16279AC9273F01C1005A01B8 /* RoundButonWithoutLabelCollectionViewCell.swift */ = {isa = PBXFileReference; lastKnownFileType = sourcecode.swift; path = RoundButonWithoutLabelCollectionViewCell.swift; sourceTree = "<group>"; };
		16279ACA273F01C1005A01B8 /* RoundButonWithoutLabelCollectionViewCell.xib */ = {isa = PBXFileReference; lastKnownFileType = file.xib; path = RoundButonWithoutLabelCollectionViewCell.xib; sourceTree = "<group>"; };
		16279ACD273F03EE005A01B8 /* PlanningIconSelectionViewController.swift */ = {isa = PBXFileReference; lastKnownFileType = sourcecode.swift; path = PlanningIconSelectionViewController.swift; sourceTree = "<group>"; };
		16655623271A0E0000DE83F4 /* ExpensesOrganizer.app */ = {isa = PBXFileReference; explicitFileType = wrapper.application; includeInIndex = 0; path = ExpensesOrganizer.app; sourceTree = BUILT_PRODUCTS_DIR; };
		16655626271A0E0000DE83F4 /* AppDelegate.swift */ = {isa = PBXFileReference; lastKnownFileType = sourcecode.swift; path = AppDelegate.swift; sourceTree = "<group>"; };
		16655628271A0E0000DE83F4 /* SceneDelegate.swift */ = {isa = PBXFileReference; lastKnownFileType = sourcecode.swift; path = SceneDelegate.swift; sourceTree = "<group>"; };
		1665562A271A0E0000DE83F4 /* DashboardViewController.swift */ = {isa = PBXFileReference; lastKnownFileType = sourcecode.swift; path = DashboardViewController.swift; sourceTree = "<group>"; };
		1665562D271A0E0000DE83F4 /* Base */ = {isa = PBXFileReference; lastKnownFileType = file.storyboard; name = Base; path = Base.lproj/Dashboard.storyboard; sourceTree = "<group>"; };
		16655630271A0E0000DE83F4 /* ExpensesOrganizer.xcdatamodel */ = {isa = PBXFileReference; lastKnownFileType = wrapper.xcdatamodel; path = ExpensesOrganizer.xcdatamodel; sourceTree = "<group>"; };
		16655632271A0E0400DE83F4 /* Assets.xcassets */ = {isa = PBXFileReference; lastKnownFileType = folder.assetcatalog; path = Assets.xcassets; sourceTree = "<group>"; };
		16655635271A0E0400DE83F4 /* Base */ = {isa = PBXFileReference; lastKnownFileType = file.storyboard; name = Base; path = Base.lproj/LaunchScreen.storyboard; sourceTree = "<group>"; };
		16655637271A0E0400DE83F4 /* Info.plist */ = {isa = PBXFileReference; lastKnownFileType = text.plist.xml; path = Info.plist; sourceTree = "<group>"; };
		1665563D271A0E6400DE83F4 /* pt-BR */ = {isa = PBXFileReference; lastKnownFileType = text.plist.strings; name = "pt-BR"; path = "pt-BR.lproj/Dashboard.strings"; sourceTree = "<group>"; };
		1665563E271A0E6500DE83F4 /* pt-BR */ = {isa = PBXFileReference; lastKnownFileType = text.plist.strings; name = "pt-BR"; path = "pt-BR.lproj/LaunchScreen.strings"; sourceTree = "<group>"; };
		16655642271A0ECA00DE83F4 /* en */ = {isa = PBXFileReference; lastKnownFileType = text.plist.strings; name = en; path = en.lproj/Localizable.strings; sourceTree = "<group>"; };
		16655644271A0ECC00DE83F4 /* pt-BR */ = {isa = PBXFileReference; lastKnownFileType = text.plist.strings; name = "pt-BR"; path = "pt-BR.lproj/Localizable.strings"; sourceTree = "<group>"; };
		1690482D273C5A670011A11D /* AddNewPlanning.storyboard */ = {isa = PBXFileReference; lastKnownFileType = file.storyboard; path = AddNewPlanning.storyboard; sourceTree = "<group>"; };
		1690482F273C5C550011A11D /* AddNewPlanningViewController.swift */ = {isa = PBXFileReference; lastKnownFileType = sourcecode.swift; path = AddNewPlanningViewController.swift; sourceTree = "<group>"; };
		16904831273D80F20011A11D /* PlanningNAmeTableViewCell.swift */ = {isa = PBXFileReference; lastKnownFileType = sourcecode.swift; path = PlanningNAmeTableViewCell.swift; sourceTree = "<group>"; };
		16904833273DA0D30011A11D /* PlannimgPaymentTableViewCell.swift */ = {isa = PBXFileReference; lastKnownFileType = sourcecode.swift; path = PlannimgPaymentTableViewCell.swift; sourceTree = "<group>"; };
		16904835273DA1280011A11D /* PlanningIconTableViewCell.swift */ = {isa = PBXFileReference; lastKnownFileType = sourcecode.swift; path = PlanningIconTableViewCell.swift; sourceTree = "<group>"; };
		16904837273DB3C40011A11D /* NewPlanningButtonTableViewCell.swift */ = {isa = PBXFileReference; lastKnownFileType = sourcecode.swift; path = NewPlanningButtonTableViewCell.swift; sourceTree = "<group>"; };
		16904839273EDBC30011A11D /* PlanningSelectionWalletViewController.swift */ = {isa = PBXFileReference; lastKnownFileType = sourcecode.swift; path = PlanningSelectionWalletViewController.swift; sourceTree = "<group>"; };
		16ADD0572735C53600FF6718 /* RoundButtonCollectionViewCell.swift */ = {isa = PBXFileReference; lastKnownFileType = sourcecode.swift; path = RoundButtonCollectionViewCell.swift; sourceTree = "<group>"; };
		16ADD0582735C53600FF6718 /* RoundButtonCollectionViewCell.xib */ = {isa = PBXFileReference; lastKnownFileType = file.xib; path = RoundButtonCollectionViewCell.xib; sourceTree = "<group>"; };
		16B2D709271E0EA800E7BB84 /* Goal+CoreDataClass.swift */ = {isa = PBXFileReference; lastKnownFileType = sourcecode.swift; path = "Goal+CoreDataClass.swift"; sourceTree = "<group>"; };
		16B2D70B271E0EA800E7BB84 /* Transaction+CoreDataClass.swift */ = {isa = PBXFileReference; lastKnownFileType = sourcecode.swift; path = "Transaction+CoreDataClass.swift"; sourceTree = "<group>"; };
		16B2D70D271E0EA800E7BB84 /* Item+CoreDataClass.swift */ = {isa = PBXFileReference; lastKnownFileType = sourcecode.swift; path = "Item+CoreDataClass.swift"; sourceTree = "<group>"; };
		16B2D70F271E0EA800E7BB84 /* Wallet+CoreDataClass.swift */ = {isa = PBXFileReference; lastKnownFileType = sourcecode.swift; path = "Wallet+CoreDataClass.swift"; sourceTree = "<group>"; };
		16B2D711271E0EA800E7BB84 /* Template+CoreDataClass.swift */ = {isa = PBXFileReference; lastKnownFileType = sourcecode.swift; path = "Template+CoreDataClass.swift"; sourceTree = "<group>"; };
		16D0B25B27286CDA007BE30E /* TransactionsHeaderCell.swift */ = {isa = PBXFileReference; lastKnownFileType = sourcecode.swift; path = TransactionsHeaderCell.swift; sourceTree = "<group>"; };
		16D0B25C27286CDA007BE30E /* TransactionsHeaderCell.xib */ = {isa = PBXFileReference; lastKnownFileType = file.xib; path = TransactionsHeaderCell.xib; sourceTree = "<group>"; };
		16D0B26227287A3F007BE30E /* Transactions.storyboard */ = {isa = PBXFileReference; lastKnownFileType = file.storyboard; path = Transactions.storyboard; sourceTree = "<group>"; };
		16D0B26527287A72007BE30E /* TransactionsViewController.swift */ = {isa = PBXFileReference; lastKnownFileType = sourcecode.swift; path = TransactionsViewController.swift; sourceTree = "<group>"; };
		16FA96DF27273A7A007EB7CA /* TransactionCell.swift */ = {isa = PBXFileReference; lastKnownFileType = sourcecode.swift; path = TransactionCell.swift; sourceTree = "<group>"; };
		16FA96E027273A7A007EB7CA /* TransactionCell.xib */ = {isa = PBXFileReference; lastKnownFileType = file.xib; path = TransactionCell.xib; sourceTree = "<group>"; };
		710269132735D3F500D62DEE /* AddIncomeRecurrencyViewController.swift */ = {isa = PBXFileReference; lastKnownFileType = sourcecode.swift; path = AddIncomeRecurrencyViewController.swift; sourceTree = "<group>"; };
		710269152735D40700D62DEE /* AddIncomeCalendarViewController.swift */ = {isa = PBXFileReference; lastKnownFileType = sourcecode.swift; path = AddIncomeCalendarViewController.swift; sourceTree = "<group>"; };
		710269172737325F00D62DEE /* AddExpenseCategoriesCell.swift */ = {isa = PBXFileReference; lastKnownFileType = sourcecode.swift; path = AddExpenseCategoriesCell.swift; sourceTree = "<group>"; };
		710F1DC62729C8D6005C06E1 /* GraphicsTableViewCell.swift */ = {isa = PBXFileReference; lastKnownFileType = sourcecode.swift; path = GraphicsTableViewCell.swift; sourceTree = "<group>"; };
		710F1DC72729C8D6005C06E1 /* GraphicsTableViewCell.xib */ = {isa = PBXFileReference; lastKnownFileType = file.xib; path = GraphicsTableViewCell.xib; sourceTree = "<group>"; };
		710F1DCF272B2743005C06E1 /* PillMarker.swift */ = {isa = PBXFileReference; lastKnownFileType = sourcecode.swift; path = PillMarker.swift; sourceTree = "<group>"; };
		7140E5B42735101800685927 /* AddExpenseAllDoneViewController.swift */ = {isa = PBXFileReference; lastKnownFileType = sourcecode.swift; path = AddExpenseAllDoneViewController.swift; sourceTree = "<group>"; };
		7140E5B62735102C00685927 /* AddIncomeAllDoneViewController.swift */ = {isa = PBXFileReference; lastKnownFileType = sourcecode.swift; path = AddIncomeAllDoneViewController.swift; sourceTree = "<group>"; };
		7173791F273AEAE2007D83CC /* AddIncomeColectionViewController.swift */ = {isa = PBXFileReference; lastKnownFileType = sourcecode.swift; path = AddIncomeColectionViewController.swift; sourceTree = "<group>"; };
		71CD631327359B8B007A3D75 /* AddExpenseRecurrencyViewController.swift */ = {isa = PBXFileReference; lastKnownFileType = sourcecode.swift; path = AddExpenseRecurrencyViewController.swift; sourceTree = "<group>"; };
		71CD631527359B9C007A3D75 /* AddExpenseCalendarViewController.swift */ = {isa = PBXFileReference; lastKnownFileType = sourcecode.swift; path = AddExpenseCalendarViewController.swift; sourceTree = "<group>"; };
		71D21EDE27441FDD0042AAED /* OnboardingPersistence.swift */ = {isa = PBXFileReference; lastKnownFileType = sourcecode.swift; path = OnboardingPersistence.swift; sourceTree = "<group>"; };
		71DDB4FE273D904300D527A6 /* AddExpenseColectionViewController.swift */ = {isa = PBXFileReference; lastKnownFileType = sourcecode.swift; path = AddExpenseColectionViewController.swift; sourceTree = "<group>"; };
		71FED85327330E1700B90A5A /* AddExpenseViewController.swift */ = {isa = PBXFileReference; lastKnownFileType = sourcecode.swift; path = AddExpenseViewController.swift; sourceTree = "<group>"; };
		71FED85527330E3500B90A5A /* AddIncomeViewController.swift */ = {isa = PBXFileReference; lastKnownFileType = sourcecode.swift; path = AddIncomeViewController.swift; sourceTree = "<group>"; };
		71FED85C2733147000B90A5A /* AddExpenseValueCell.swift */ = {isa = PBXFileReference; lastKnownFileType = sourcecode.swift; path = AddExpenseValueCell.swift; sourceTree = "<group>"; };
		71FED85F273314DF00B90A5A /* AddExpenseNameCell.swift */ = {isa = PBXFileReference; lastKnownFileType = sourcecode.swift; path = AddExpenseNameCell.swift; sourceTree = "<group>"; };
		71FED8612733151200B90A5A /* AddExpenseCategoryCell.swift */ = {isa = PBXFileReference; lastKnownFileType = sourcecode.swift; path = AddExpenseCategoryCell.swift; sourceTree = "<group>"; };
		71FED8632733153000B90A5A /* AddExpensePaymentCell.swift */ = {isa = PBXFileReference; lastKnownFileType = sourcecode.swift; path = AddExpensePaymentCell.swift; sourceTree = "<group>"; };
		71FED8652733159F00B90A5A /* AddExpensePlanningCell.swift */ = {isa = PBXFileReference; lastKnownFileType = sourcecode.swift; path = AddExpensePlanningCell.swift; sourceTree = "<group>"; };
		71FED86B273325A800B90A5A /* AddIncomeValueCell.swift */ = {isa = PBXFileReference; lastKnownFileType = sourcecode.swift; path = AddIncomeValueCell.swift; sourceTree = "<group>"; };
		71FED86D273325C900B90A5A /* AddIncomeNameCell.swift */ = {isa = PBXFileReference; lastKnownFileType = sourcecode.swift; path = AddIncomeNameCell.swift; sourceTree = "<group>"; };
		71FED86F273325E100B90A5A /* AddIncomeCategoryCell.swift */ = {isa = PBXFileReference; lastKnownFileType = sourcecode.swift; path = AddIncomeCategoryCell.swift; sourceTree = "<group>"; };
		71FED8712733260F00B90A5A /* AddIncomeWalletCell.swift */ = {isa = PBXFileReference; lastKnownFileType = sourcecode.swift; path = AddIncomeWalletCell.swift; sourceTree = "<group>"; };
		71FED8732733263500B90A5A /* AddIncomePlanningCell.swift */ = {isa = PBXFileReference; lastKnownFileType = sourcecode.swift; path = AddIncomePlanningCell.swift; sourceTree = "<group>"; };
		71FED87827345F8F00B90A5A /* WorkSans-Bold.ttf */ = {isa = PBXFileReference; lastKnownFileType = file; path = "WorkSans-Bold.ttf"; sourceTree = "<group>"; };
		71FED87927345F9000B90A5A /* WorkSans-SemiBold.ttf */ = {isa = PBXFileReference; lastKnownFileType = file; path = "WorkSans-SemiBold.ttf"; sourceTree = "<group>"; };
		71FED87A27345F9000B90A5A /* WorkSans-Medium.ttf */ = {isa = PBXFileReference; lastKnownFileType = file; path = "WorkSans-Medium.ttf"; sourceTree = "<group>"; };
		71FED87B27345F9000B90A5A /* WorkSans-Regular.ttf */ = {isa = PBXFileReference; lastKnownFileType = file; path = "WorkSans-Regular.ttf"; sourceTree = "<group>"; };
		F138B88E2720A950009F0837 /* ProfileTableViewCell.swift */ = {isa = PBXFileReference; lastKnownFileType = sourcecode.swift; path = ProfileTableViewCell.swift; sourceTree = "<group>"; };
		F153F4612733BF20004F06CC /* CalendarViewController.swift */ = {isa = PBXFileReference; lastKnownFileType = sourcecode.swift; path = CalendarViewController.swift; sourceTree = "<group>"; };
		F153F4632733BF2D004F06CC /* RecurrencyViewController.swift */ = {isa = PBXFileReference; lastKnownFileType = sourcecode.swift; path = RecurrencyViewController.swift; sourceTree = "<group>"; };
		F153F46527344630004F06CC /* CustomSizePresentationController.swift */ = {isa = PBXFileReference; lastKnownFileType = sourcecode.swift; path = CustomSizePresentationController.swift; sourceTree = "<group>"; };
		F153F467273451C9004F06CC /* RecurrencyTypeTableViewCell.swift */ = {isa = PBXFileReference; lastKnownFileType = sourcecode.swift; path = RecurrencyTypeTableViewCell.swift; sourceTree = "<group>"; };
		F196D4FB2721ECF500CCAF81 /* BalanceTableViewCell.swift */ = {isa = PBXFileReference; lastKnownFileType = sourcecode.swift; path = BalanceTableViewCell.swift; sourceTree = "<group>"; };
		F196D4FF272201F300CCAF81 /* ButtonsTableViewCell.swift */ = {isa = PBXFileReference; lastKnownFileType = sourcecode.swift; path = ButtonsTableViewCell.swift; sourceTree = "<group>"; };
		F196D50F272476A800CCAF81 /* Wallets.storyboard */ = {isa = PBXFileReference; lastKnownFileType = file.storyboard; path = Wallets.storyboard; sourceTree = "<group>"; };
		F196D511272476BE00CCAF81 /* WalletsViewController.swift */ = {isa = PBXFileReference; lastKnownFileType = sourcecode.swift; path = WalletsViewController.swift; sourceTree = "<group>"; };
		F196D5132724770100CCAF81 /* Goals.storyboard */ = {isa = PBXFileReference; lastKnownFileType = file.storyboard; path = Goals.storyboard; sourceTree = "<group>"; };
		F196D5152724771C00CCAF81 /* GoalsViewController.swift */ = {isa = PBXFileReference; lastKnownFileType = sourcecode.swift; path = GoalsViewController.swift; sourceTree = "<group>"; };
		F196D5172724773C00CCAF81 /* PlanningViewController.swift */ = {isa = PBXFileReference; lastKnownFileType = sourcecode.swift; path = PlanningViewController.swift; sourceTree = "<group>"; };
		F196D5192724774500CCAF81 /* Planning.storyboard */ = {isa = PBXFileReference; lastKnownFileType = file.storyboard; path = Planning.storyboard; sourceTree = "<group>"; };
		F196D51B2724776500CCAF81 /* AdditionViewController.swift */ = {isa = PBXFileReference; lastKnownFileType = sourcecode.swift; path = AdditionViewController.swift; sourceTree = "<group>"; };
		F196D51D2724776E00CCAF81 /* Addition.storyboard */ = {isa = PBXFileReference; lastKnownFileType = file.storyboard; path = Addition.storyboard; sourceTree = "<group>"; };
		F196D52027247D0200CCAF81 /* Extensions.swift */ = {isa = PBXFileReference; lastKnownFileType = sourcecode.swift; path = Extensions.swift; sourceTree = "<group>"; };
		F19FF1A4272882FB0041F5E3 /* AddWalletCollectionViewCell.swift */ = {isa = PBXFileReference; lastKnownFileType = sourcecode.swift; path = AddWalletCollectionViewCell.swift; sourceTree = "<group>"; };
		F19FF1A7272888E80041F5E3 /* WalletDetail.storyboard */ = {isa = PBXFileReference; lastKnownFileType = file.storyboard; path = WalletDetail.storyboard; sourceTree = "<group>"; };
		F19FF1AB2728890D0041F5E3 /* WalletDetailViewController.swift */ = {isa = PBXFileReference; lastKnownFileType = sourcecode.swift; path = WalletDetailViewController.swift; sourceTree = "<group>"; };
		F19FF1B0272889500041F5E3 /* WalletCreationViewController.swift */ = {isa = PBXFileReference; lastKnownFileType = sourcecode.swift; path = WalletCreationViewController.swift; sourceTree = "<group>"; };
		F19FF1B22728896C0041F5E3 /* WalletCreation.storyboard */ = {isa = PBXFileReference; lastKnownFileType = file.storyboard; path = WalletCreation.storyboard; sourceTree = "<group>"; };
		F1BBB93F273C527700B5746D /* WalletSelectionTableViewCell.swift */ = {isa = PBXFileReference; lastKnownFileType = sourcecode.swift; path = WalletSelectionTableViewCell.swift; sourceTree = "<group>"; };
		F1BBB941273C5FF300B5746D /* WalletSelectionViewController.swift */ = {isa = PBXFileReference; lastKnownFileType = sourcecode.swift; path = WalletSelectionViewController.swift; sourceTree = "<group>"; };
		F1CE7148272C8647002D6020 /* CurrencyTableViewCell.swift */ = {isa = PBXFileReference; lastKnownFileType = sourcecode.swift; path = CurrencyTableViewCell.swift; sourceTree = "<group>"; };
		F1CE714A272C867C002D6020 /* DescriptionTableViewCell.swift */ = {isa = PBXFileReference; lastKnownFileType = sourcecode.swift; path = DescriptionTableViewCell.swift; sourceTree = "<group>"; };
		F1CE714C272C8776002D6020 /* PlanningTableViewCell.swift */ = {isa = PBXFileReference; lastKnownFileType = sourcecode.swift; path = PlanningTableViewCell.swift; sourceTree = "<group>"; };
		F1FA9972273AE6E60034483E /* PlanningDetail.storyboard */ = {isa = PBXFileReference; lastKnownFileType = file.storyboard; path = PlanningDetail.storyboard; sourceTree = "<group>"; };
		F1FA9974273AE7050034483E /* PlanningDetailViewController.swift */ = {isa = PBXFileReference; lastKnownFileType = sourcecode.swift; path = PlanningDetailViewController.swift; sourceTree = "<group>"; };
		F1FA9976273B20230034483E /* PlanningEditionTableViewCell.swift */ = {isa = PBXFileReference; lastKnownFileType = sourcecode.swift; path = PlanningEditionTableViewCell.swift; sourceTree = "<group>"; };
		F1FA9978273B2B910034483E /* TotalPlanningBalanceTableViewCell.swift */ = {isa = PBXFileReference; lastKnownFileType = sourcecode.swift; path = TotalPlanningBalanceTableViewCell.swift; sourceTree = "<group>"; };
		F1FA997A273B2D5C0034483E /* PlanningItemTableViewCell.swift */ = {isa = PBXFileReference; lastKnownFileType = sourcecode.swift; path = PlanningItemTableViewCell.swift; sourceTree = "<group>"; };
		F1FA997D273B44850034483E /* Item.storyboard */ = {isa = PBXFileReference; lastKnownFileType = file.storyboard; path = Item.storyboard; sourceTree = "<group>"; };
		F1FA9981273B44D20034483E /* ItemViewController.swift */ = {isa = PBXFileReference; lastKnownFileType = sourcecode.swift; path = ItemViewController.swift; sourceTree = "<group>"; };
/* End PBXFileReference section */

/* Begin PBXFrameworksBuildPhase section */
		16655620271A0E0000DE83F4 /* Frameworks */ = {
			isa = PBXFrameworksBuildPhase;
			buildActionMask = 2147483647;
			files = (
				710F1DC52729C55F005C06E1 /* Charts in Frameworks */,
				71D21EE2274449870042AAED /* IQKeyboardManagerSwift in Frameworks */,
			);
			runOnlyForDeploymentPostprocessing = 0;
		};
/* End PBXFrameworksBuildPhase section */

/* Begin PBXGroup section */
		077626F0273D8E28002B691E /* Model */ = {
			isa = PBXGroup;
			children = (
				077626EE273D8D7C002B691E /* OnboardingSlide.swift */,
			);
			path = Model;
			sourceTree = "<group>";
		};
		07B88B6E273C389400D484E5 /* Onboarding */ = {
			isa = PBXGroup;
			children = (
				07B88B6F273C38B600D484E5 /* Views */,
				07B88B70273C38C100D484E5 /* ViewControllers */,
				077626F0273D8E28002B691E /* Model */,
			);
			path = Onboarding;
			sourceTree = "<group>";
		};
		07B88B6F273C38B600D484E5 /* Views */ = {
			isa = PBXGroup;
			children = (
				07B88B71273C391600D484E5 /* Onboarding.storyboard */,
			);
			path = Views;
			sourceTree = "<group>";
		};
		07B88B70273C38C100D484E5 /* ViewControllers */ = {
			isa = PBXGroup;
			children = (
				07B88B73273C397300D484E5 /* OnboardingViewController.swift */,
				07B88B75273C543900D484E5 /* OnboardingCollectionViewCell.swift */,
				077626F1273DBC01002B691E /* LastOnboardingScreenViewController.swift */,
				71D21EDE27441FDD0042AAED /* OnboardingPersistence.swift */,
			);
			path = ViewControllers;
			sourceTree = "<group>";
		};
		1665561A271A0E0000DE83F4 = {
			isa = PBXGroup;
			children = (
				16655625271A0E0000DE83F4 /* ExpensesOrganizer */,
				16655624271A0E0000DE83F4 /* Products */,
			);
			sourceTree = "<group>";
		};
		16655624271A0E0000DE83F4 /* Products */ = {
			isa = PBXGroup;
			children = (
				16655623271A0E0000DE83F4 /* ExpensesOrganizer.app */,
			);
			name = Products;
			sourceTree = "<group>";
		};
		16655625271A0E0000DE83F4 /* ExpensesOrganizer */ = {
			isa = PBXGroup;
			children = (
				F138B8882720A054009F0837 /* CoreData */,
				F138B8872720A032009F0837 /* Features */,
				F138B8862720A028009F0837 /* Shared */,
				16655626271A0E0000DE83F4 /* AppDelegate.swift */,
				16655643271A0ECA00DE83F4 /* Localizable.strings */,
				16655628271A0E0000DE83F4 /* SceneDelegate.swift */,
				16655632271A0E0400DE83F4 /* Assets.xcassets */,
				16655634271A0E0400DE83F4 /* LaunchScreen.storyboard */,
				16655637271A0E0400DE83F4 /* Info.plist */,
			);
			path = ExpensesOrganizer;
			sourceTree = "<group>";
		};
		16ADD0522735C3AA00FF6718 /* Buttons */ = {
			isa = PBXGroup;
			children = (
				16ADD0542735C3C700FF6718 /* ViewControllers */,
				16ADD0532735C3C000FF6718 /* Views */,
			);
			path = Buttons;
			sourceTree = "<group>";
		};
		16ADD0532735C3C000FF6718 /* Views */ = {
			isa = PBXGroup;
			children = (
				16279ACA273F01C1005A01B8 /* RoundButonWithoutLabelCollectionViewCell.xib */,
				16ADD0582735C53600FF6718 /* RoundButtonCollectionViewCell.xib */,
			);
			path = Views;
			sourceTree = "<group>";
		};
		16ADD0542735C3C700FF6718 /* ViewControllers */ = {
			isa = PBXGroup;
			children = (
				16ADD0572735C53600FF6718 /* RoundButtonCollectionViewCell.swift */,
				16279AC9273F01C1005A01B8 /* RoundButonWithoutLabelCollectionViewCell.swift */,
			);
			path = ViewControllers;
			sourceTree = "<group>";
		};
		16D0B25F27287A0D007BE30E /* Transactions */ = {
			isa = PBXGroup;
			children = (
				16D0B26127287A2B007BE30E /* Views */,
				16D0B26027287A24007BE30E /* ViewControllers */,
			);
			path = Transactions;
			sourceTree = "<group>";
		};
		16D0B26027287A24007BE30E /* ViewControllers */ = {
			isa = PBXGroup;
			children = (
				16D0B26527287A72007BE30E /* TransactionsViewController.swift */,
			);
			path = ViewControllers;
			sourceTree = "<group>";
		};
		16D0B26127287A2B007BE30E /* Views */ = {
			isa = PBXGroup;
			children = (
				16D0B26227287A3F007BE30E /* Transactions.storyboard */,
			);
			path = Views;
			sourceTree = "<group>";
		};
		710269112735CF9C00D62DEE /* Cells */ = {
			isa = PBXGroup;
			children = (
				71FED85C2733147000B90A5A /* AddExpenseValueCell.swift */,
				71FED85F273314DF00B90A5A /* AddExpenseNameCell.swift */,
				71FED8612733151200B90A5A /* AddExpenseCategoryCell.swift */,
				71FED8632733153000B90A5A /* AddExpensePaymentCell.swift */,
				71FED8652733159F00B90A5A /* AddExpensePlanningCell.swift */,
				710269172737325F00D62DEE /* AddExpenseCategoriesCell.swift */,
			);
			path = Cells;
			sourceTree = "<group>";
		};
		710269122735CFD100D62DEE /* Cells */ = {
			isa = PBXGroup;
			children = (
				71FED86B273325A800B90A5A /* AddIncomeValueCell.swift */,
				71FED86D273325C900B90A5A /* AddIncomeNameCell.swift */,
				71FED86F273325E100B90A5A /* AddIncomeCategoryCell.swift */,
				71FED8712733260F00B90A5A /* AddIncomeWalletCell.swift */,
				71FED8732733263500B90A5A /* AddIncomePlanningCell.swift */,
			);
			path = Cells;
			sourceTree = "<group>";
		};
		71FED8572733132600B90A5A /* Add Expense */ = {
			isa = PBXGroup;
			children = (
				71FED85327330E1700B90A5A /* AddExpenseViewController.swift */,
				7140E5B42735101800685927 /* AddExpenseAllDoneViewController.swift */,
				71CD631327359B8B007A3D75 /* AddExpenseRecurrencyViewController.swift */,
				71CD631527359B9C007A3D75 /* AddExpenseCalendarViewController.swift */,
				71DDB4FE273D904300D527A6 /* AddExpenseColectionViewController.swift */,
				710269112735CF9C00D62DEE /* Cells */,
			);
			path = "Add Expense";
			sourceTree = "<group>";
		};
		71FED8582733134800B90A5A /* Add Income */ = {
			isa = PBXGroup;
			children = (
				71FED85527330E3500B90A5A /* AddIncomeViewController.swift */,
				7140E5B62735102C00685927 /* AddIncomeAllDoneViewController.swift */,
				710269132735D3F500D62DEE /* AddIncomeRecurrencyViewController.swift */,
				710269152735D40700D62DEE /* AddIncomeCalendarViewController.swift */,
				7173791F273AEAE2007D83CC /* AddIncomeColectionViewController.swift */,
				710269122735CFD100D62DEE /* Cells */,
			);
			path = "Add Income";
			sourceTree = "<group>";
		};
		71FED87727345CEB00B90A5A /* Fonts */ = {
			isa = PBXGroup;
			children = (
				71FED87827345F8F00B90A5A /* WorkSans-Bold.ttf */,
				71FED87A27345F9000B90A5A /* WorkSans-Medium.ttf */,
				71FED87B27345F9000B90A5A /* WorkSans-Regular.ttf */,
				71FED87927345F9000B90A5A /* WorkSans-SemiBold.ttf */,
			);
			path = Fonts;
			sourceTree = "<group>";
		};
		F138B8862720A028009F0837 /* Shared */ = {
			isa = PBXGroup;
			children = (
				16ADD0522735C3AA00FF6718 /* Buttons */,
				F196D52027247D0200CCAF81 /* Extensions.swift */,
				F153F46527344630004F06CC /* CustomSizePresentationController.swift */,
				71FED87727345CEB00B90A5A /* Fonts */,
			);
			path = Shared;
			sourceTree = "<group>";
		};
		F138B8872720A032009F0837 /* Features */ = {
			isa = PBXGroup;
			children = (
				F1FA997C273B447A0034483E /* Item */,
				07B88B6E273C389400D484E5 /* Onboarding */,
				16D0B25F27287A0D007BE30E /* Transactions */,
				F19FF1AD272889300041F5E3 /* Wallet Creation */,
				F19FF1A6272888D70041F5E3 /* Wallet Detail */,
				F196D505272475C700CCAF81 /* Addition */,
				F196D504272475B300CCAF81 /* Planning */,
				F196D5032724759E00CCAF81 /* Goals */,
				F196D5022724759800CCAF81 /* Wallets */,
				F138B8892720A085009F0837 /* Dashboard */,
			);
			path = Features;
			sourceTree = "<group>";
		};
		F138B8882720A054009F0837 /* CoreData */ = {
			isa = PBXGroup;
			children = (
				16B2D709271E0EA800E7BB84 /* Goal+CoreDataClass.swift */,
				16B2D70B271E0EA800E7BB84 /* Transaction+CoreDataClass.swift */,
				1665562F271A0E0000DE83F4 /* ExpensesOrganizer.xcdatamodeld */,
				16B2D70D271E0EA800E7BB84 /* Item+CoreDataClass.swift */,
				16B2D70F271E0EA800E7BB84 /* Wallet+CoreDataClass.swift */,
				16B2D711271E0EA800E7BB84 /* Template+CoreDataClass.swift */,
			);
			path = CoreData;
			sourceTree = "<group>";
		};
		F138B8892720A085009F0837 /* Dashboard */ = {
			isa = PBXGroup;
			children = (
				F138B88B2720A1A6009F0837 /* Views */,
				F138B88A2720A19E009F0837 /* ViewControllers */,
			);
			path = Dashboard;
			sourceTree = "<group>";
		};
		F138B88A2720A19E009F0837 /* ViewControllers */ = {
			isa = PBXGroup;
			children = (
				F196D4FB2721ECF500CCAF81 /* BalanceTableViewCell.swift */,
				F138B88E2720A950009F0837 /* ProfileTableViewCell.swift */,
				F19FF1A4272882FB0041F5E3 /* AddWalletCollectionViewCell.swift */,
				1665562A271A0E0000DE83F4 /* DashboardViewController.swift */,
				F196D4FF272201F300CCAF81 /* ButtonsTableViewCell.swift */,
				16FA96DF27273A7A007EB7CA /* TransactionCell.swift */,
				710F1DC62729C8D6005C06E1 /* GraphicsTableViewCell.swift */,
				710F1DCF272B2743005C06E1 /* PillMarker.swift */,
				16D0B25B27286CDA007BE30E /* TransactionsHeaderCell.swift */,
				077CAFF727273759007D58C1 /* WalletsTableViewCell.swift */,
				077CAFF927274147007D58C1 /* WalletCollectionViewCell.swift */,
			);
			path = ViewControllers;
			sourceTree = "<group>";
		};
		F138B88B2720A1A6009F0837 /* Views */ = {
			isa = PBXGroup;
			children = (
				710F1DC72729C8D6005C06E1 /* GraphicsTableViewCell.xib */,
				16FA96E027273A7A007EB7CA /* TransactionCell.xib */,
				16D0B25C27286CDA007BE30E /* TransactionsHeaderCell.xib */,
				1665562C271A0E0000DE83F4 /* Dashboard.storyboard */,
			);
			path = Views;
			sourceTree = "<group>";
		};
		F196D5022724759800CCAF81 /* Wallets */ = {
			isa = PBXGroup;
			children = (
				F196D50E2724765B00CCAF81 /* ViewControllers */,
				F196D50D2724765400CCAF81 /* Views */,
			);
			path = Wallets;
			sourceTree = "<group>";
		};
		F196D5032724759E00CCAF81 /* Goals */ = {
			isa = PBXGroup;
			children = (
				F196D50B272475FE00CCAF81 /* ViewControllers */,
				F196D50A272475F800CCAF81 /* Views */,
			);
			path = Goals;
			sourceTree = "<group>";
		};
		F196D504272475B300CCAF81 /* Planning */ = {
			isa = PBXGroup;
			children = (
				F196D509272475F200CCAF81 /* Views */,
				F196D508272475EC00CCAF81 /* ViewControllers */,
			);
			path = Planning;
			sourceTree = "<group>";
		};
		F196D505272475C700CCAF81 /* Addition */ = {
			isa = PBXGroup;
			children = (
				F196D507272475D900CCAF81 /* ViewControllers */,
				F196D506272475CF00CCAF81 /* Views */,
			);
			path = Addition;
			sourceTree = "<group>";
		};
		F196D506272475CF00CCAF81 /* Views */ = {
			isa = PBXGroup;
			children = (
				F196D51D2724776E00CCAF81 /* Addition.storyboard */,
			);
			path = Views;
			sourceTree = "<group>";
		};
		F196D507272475D900CCAF81 /* ViewControllers */ = {
			isa = PBXGroup;
			children = (
				F196D51B2724776500CCAF81 /* AdditionViewController.swift */,
				71FED8572733132600B90A5A /* Add Expense */,
				71FED8582733134800B90A5A /* Add Income */,
			);
			path = ViewControllers;
			sourceTree = "<group>";
		};
		F196D508272475EC00CCAF81 /* ViewControllers */ = {
			isa = PBXGroup;
			children = (
				F196D5172724773C00CCAF81 /* PlanningViewController.swift */,
				F1FA9974273AE7050034483E /* PlanningDetailViewController.swift */,
				F1FA9976273B20230034483E /* PlanningEditionTableViewCell.swift */,
				F1FA9978273B2B910034483E /* TotalPlanningBalanceTableViewCell.swift */,
				F1FA997A273B2D5C0034483E /* PlanningItemTableViewCell.swift */,
				1690482F273C5C550011A11D /* AddNewPlanningViewController.swift */,
				16904831273D80F20011A11D /* PlanningNAmeTableViewCell.swift */,
				16904833273DA0D30011A11D /* PlannimgPaymentTableViewCell.swift */,
				16904835273DA1280011A11D /* PlanningIconTableViewCell.swift */,
				16904837273DB3C40011A11D /* NewPlanningButtonTableViewCell.swift */,
				16904839273EDBC30011A11D /* PlanningSelectionWalletViewController.swift */,
				16279ACD273F03EE005A01B8 /* PlanningIconSelectionViewController.swift */,
			);
			path = ViewControllers;
			sourceTree = "<group>";
		};
		F196D509272475F200CCAF81 /* Views */ = {
			isa = PBXGroup;
			children = (
				F196D5192724774500CCAF81 /* Planning.storyboard */,
				F1FA9972273AE6E60034483E /* PlanningDetail.storyboard */,
				1690482D273C5A670011A11D /* AddNewPlanning.storyboard */,
			);
			path = Views;
			sourceTree = "<group>";
		};
		F196D50A272475F800CCAF81 /* Views */ = {
			isa = PBXGroup;
			children = (
				F196D5132724770100CCAF81 /* Goals.storyboard */,
			);
			path = Views;
			sourceTree = "<group>";
		};
		F196D50B272475FE00CCAF81 /* ViewControllers */ = {
			isa = PBXGroup;
			children = (
				F196D5152724771C00CCAF81 /* GoalsViewController.swift */,
			);
			path = ViewControllers;
			sourceTree = "<group>";
		};
		F196D50D2724765400CCAF81 /* Views */ = {
			isa = PBXGroup;
			children = (
				F196D50F272476A800CCAF81 /* Wallets.storyboard */,
			);
			path = Views;
			sourceTree = "<group>";
		};
		F196D50E2724765B00CCAF81 /* ViewControllers */ = {
			isa = PBXGroup;
			children = (
				F196D511272476BE00CCAF81 /* WalletsViewController.swift */,
				07E20F2D272C80F90087835E /* BalanceInsideTableViewCell.swift */,
				07E20F2F27345B370087835E /* AddWalletInsideTableViewCell.swift */,
				07E20F3127345B7E0087835E /* WalletsInsideTableViewCell.swift */,
			);
			path = ViewControllers;
			sourceTree = "<group>";
		};
		F19FF1A6272888D70041F5E3 /* Wallet Detail */ = {
			isa = PBXGroup;
			children = (
				F19FF1AA272888F60041F5E3 /* ViewControllers */,
				F19FF1A9272888EC0041F5E3 /* Views */,
			);
			path = "Wallet Detail";
			sourceTree = "<group>";
		};
		F19FF1A9272888EC0041F5E3 /* Views */ = {
			isa = PBXGroup;
			children = (
				F19FF1A7272888E80041F5E3 /* WalletDetail.storyboard */,
			);
			path = Views;
			sourceTree = "<group>";
		};
		F19FF1AA272888F60041F5E3 /* ViewControllers */ = {
			isa = PBXGroup;
			children = (
				F19FF1AB2728890D0041F5E3 /* WalletDetailViewController.swift */,
			);
			path = ViewControllers;
			sourceTree = "<group>";
		};
		F19FF1AD272889300041F5E3 /* Wallet Creation */ = {
			isa = PBXGroup;
			children = (
				F19FF1AF2728893D0041F5E3 /* ViewControllers */,
				F19FF1AE272889380041F5E3 /* Views */,
			);
			path = "Wallet Creation";
			sourceTree = "<group>";
		};
		F19FF1AE272889380041F5E3 /* Views */ = {
			isa = PBXGroup;
			children = (
				F19FF1B22728896C0041F5E3 /* WalletCreation.storyboard */,
			);
			path = Views;
			sourceTree = "<group>";
		};
		F19FF1AF2728893D0041F5E3 /* ViewControllers */ = {
			isa = PBXGroup;
			children = (
				F19FF1B0272889500041F5E3 /* WalletCreationViewController.swift */,
				F153F4612733BF20004F06CC /* CalendarViewController.swift */,
				F153F4632733BF2D004F06CC /* RecurrencyViewController.swift */,
				F153F467273451C9004F06CC /* RecurrencyTypeTableViewCell.swift */,
				F1CE7148272C8647002D6020 /* CurrencyTableViewCell.swift */,
				F1CE714A272C867C002D6020 /* DescriptionTableViewCell.swift */,
				F1CE714C272C8776002D6020 /* PlanningTableViewCell.swift */,
			);
			path = ViewControllers;
			sourceTree = "<group>";
		};
		F1FA997C273B447A0034483E /* Item */ = {
			isa = PBXGroup;
			children = (
				F1FA9980273B44B30034483E /* Views */,
				F1FA997F273B44AD0034483E /* ViewControllers */,
			);
			path = Item;
			sourceTree = "<group>";
		};
		F1FA997F273B44AD0034483E /* ViewControllers */ = {
			isa = PBXGroup;
			children = (
				F1FA9981273B44D20034483E /* ItemViewController.swift */,
				F1BBB93F273C527700B5746D /* WalletSelectionTableViewCell.swift */,
				F1BBB941273C5FF300B5746D /* WalletSelectionViewController.swift */,
			);
			path = ViewControllers;
			sourceTree = "<group>";
		};
		F1FA9980273B44B30034483E /* Views */ = {
			isa = PBXGroup;
			children = (
				F1FA997D273B44850034483E /* Item.storyboard */,
			);
			path = Views;
			sourceTree = "<group>";
		};
/* End PBXGroup section */

/* Begin PBXNativeTarget section */
		16655622271A0E0000DE83F4 /* ExpensesOrganizer */ = {
			isa = PBXNativeTarget;
			buildConfigurationList = 1665563A271A0E0400DE83F4 /* Build configuration list for PBXNativeTarget "ExpensesOrganizer" */;
			buildPhases = (
				16655645271A14CF00DE83F4 /* SwiftLint */,
				1665561F271A0E0000DE83F4 /* Sources */,
				16655620271A0E0000DE83F4 /* Frameworks */,
				16655621271A0E0000DE83F4 /* Resources */,
			);
			buildRules = (
			);
			dependencies = (
			);
			name = ExpensesOrganizer;
			packageProductDependencies = (
				710F1DC42729C55F005C06E1 /* Charts */,
				71D21EE1274449870042AAED /* IQKeyboardManagerSwift */,
			);
			productName = ExpensesOrganizer;
			productReference = 16655623271A0E0000DE83F4 /* ExpensesOrganizer.app */;
			productType = "com.apple.product-type.application";
		};
/* End PBXNativeTarget section */

/* Begin PBXProject section */
		1665561B271A0E0000DE83F4 /* Project object */ = {
			isa = PBXProject;
			attributes = {
				BuildIndependentTargetsInParallel = 1;
				LastSwiftUpdateCheck = 1300;
				LastUpgradeCheck = 1300;
				TargetAttributes = {
					16655622271A0E0000DE83F4 = {
						CreatedOnToolsVersion = 13.0;
					};
				};
			};
			buildConfigurationList = 1665561E271A0E0000DE83F4 /* Build configuration list for PBXProject "ExpensesOrganizer" */;
			compatibilityVersion = "Xcode 13.0";
			developmentRegion = en;
			hasScannedForEncodings = 0;
			knownRegions = (
				en,
				Base,
				"pt-BR",
			);
			mainGroup = 1665561A271A0E0000DE83F4;
			packageReferences = (
				710F1DC32729C55F005C06E1 /* XCRemoteSwiftPackageReference "charts" */,
				71D21EE0274449870042AAED /* XCRemoteSwiftPackageReference "IQKeyboardManager" */,
			);
			productRefGroup = 16655624271A0E0000DE83F4 /* Products */;
			projectDirPath = "";
			projectRoot = "";
			targets = (
				16655622271A0E0000DE83F4 /* ExpensesOrganizer */,
			);
		};
/* End PBXProject section */

/* Begin PBXResourcesBuildPhase section */
		16655621271A0E0000DE83F4 /* Resources */ = {
			isa = PBXResourcesBuildPhase;
			buildActionMask = 2147483647;
			files = (
				16655636271A0E0400DE83F4 /* LaunchScreen.storyboard in Resources */,
				16ADD05A2735C53600FF6718 /* RoundButtonCollectionViewCell.xib in Resources */,
				16D0B25E27286CDA007BE30E /* TransactionsHeaderCell.xib in Resources */,
				16655641271A0ECA00DE83F4 /* Localizable.strings in Resources */,
				710F1DC92729C8D6005C06E1 /* GraphicsTableViewCell.xib in Resources */,
				16D0B26327287A3F007BE30E /* Transactions.storyboard in Resources */,
				71FED87D27345F9000B90A5A /* WorkSans-SemiBold.ttf in Resources */,
				16FA96E227273A7A007EB7CA /* TransactionCell.xib in Resources */,
				F1FA9973273AE6E60034483E /* PlanningDetail.storyboard in Resources */,
				F19FF1B32728896C0041F5E3 /* WalletCreation.storyboard in Resources */,
				1690482E273C5A670011A11D /* AddNewPlanning.storyboard in Resources */,
				F196D51A2724774500CCAF81 /* Planning.storyboard in Resources */,
				71FED87F27345F9000B90A5A /* WorkSans-Regular.ttf in Resources */,
				07B88B72273C391600D484E5 /* Onboarding.storyboard in Resources */,
				16655633271A0E0400DE83F4 /* Assets.xcassets in Resources */,
				F196D510272476A800CCAF81 /* Wallets.storyboard in Resources */,
				F1FA997E273B44850034483E /* Item.storyboard in Resources */,
				16279ACC273F01C1005A01B8 /* RoundButonWithoutLabelCollectionViewCell.xib in Resources */,
				F19FF1A8272888E80041F5E3 /* WalletDetail.storyboard in Resources */,
				1665562E271A0E0000DE83F4 /* Dashboard.storyboard in Resources */,
				F196D51E2724776E00CCAF81 /* Addition.storyboard in Resources */,
				71FED87E27345F9000B90A5A /* WorkSans-Medium.ttf in Resources */,
				F196D5142724770100CCAF81 /* Goals.storyboard in Resources */,
				71FED87C27345F9000B90A5A /* WorkSans-Bold.ttf in Resources */,
			);
			runOnlyForDeploymentPostprocessing = 0;
		};
/* End PBXResourcesBuildPhase section */

/* Begin PBXShellScriptBuildPhase section */
		16655645271A14CF00DE83F4 /* SwiftLint */ = {
			isa = PBXShellScriptBuildPhase;
			buildActionMask = 2147483647;
			files = (
			);
			inputFileListPaths = (
			);
			inputPaths = (
			);
			name = SwiftLint;
			outputFileListPaths = (
			);
			outputPaths = (
			);
			runOnlyForDeploymentPostprocessing = 0;
			shellPath = /bin/sh;
			shellScript = "if which swiftlint >/dev/null; then\n  swiftlint\nelse\n  echo \"warning: SwiftLint not installed, download from https://github.com/realm/SwiftLint\"\nfi\n";
		};
/* End PBXShellScriptBuildPhase section */

/* Begin PBXSourcesBuildPhase section */
		1665561F271A0E0000DE83F4 /* Sources */ = {
			isa = PBXSourcesBuildPhase;
			buildActionMask = 2147483647;
			files = (
				F1CE7149272C8647002D6020 /* CurrencyTableViewCell.swift in Sources */,
				F196D4FC2721ECF500CCAF81 /* BalanceTableViewCell.swift in Sources */,
				F1FA9975273AE7050034483E /* PlanningDetailViewController.swift in Sources */,
				F196D52127247D0200CCAF81 /* Extensions.swift in Sources */,
				71FED8662733159F00B90A5A /* AddExpensePlanningCell.swift in Sources */,
				71FED8622733151200B90A5A /* AddExpenseCategoryCell.swift in Sources */,
				16279ACB273F01C1005A01B8 /* RoundButonWithoutLabelCollectionViewCell.swift in Sources */,
				16B2D713271E0EA800E7BB84 /* Goal+CoreDataClass.swift in Sources */,
				71FED85D2733147000B90A5A /* AddExpenseValueCell.swift in Sources */,
				710F1DC82729C8D6005C06E1 /* GraphicsTableViewCell.swift in Sources */,
				16FA96E127273A7A007EB7CA /* TransactionCell.swift in Sources */,
				F1CE714D272C8776002D6020 /* PlanningTableViewCell.swift in Sources */,
				16ADD0592735C53600FF6718 /* RoundButtonCollectionViewCell.swift in Sources */,
				F153F468273451C9004F06CC /* RecurrencyTypeTableViewCell.swift in Sources */,
				F1FA997B273B2D5C0034483E /* PlanningItemTableViewCell.swift in Sources */,
				16904834273DA0D30011A11D /* PlannimgPaymentTableViewCell.swift in Sources */,
				F153F46627344630004F06CC /* CustomSizePresentationController.swift in Sources */,
				F19FF1A5272882FB0041F5E3 /* AddWalletCollectionViewCell.swift in Sources */,
				1665562B271A0E0000DE83F4 /* DashboardViewController.swift in Sources */,
				710269182737325F00D62DEE /* AddExpenseCategoriesCell.swift in Sources */,
				71DDB4FF273D904300D527A6 /* AddExpenseColectionViewController.swift in Sources */,
				07E20F3027345B370087835E /* AddWalletInsideTableViewCell.swift in Sources */,
				07B88B74273C397300D484E5 /* OnboardingViewController.swift in Sources */,
				077626EF273D8D7C002B691E /* OnboardingSlide.swift in Sources */,
				F196D500272201F300CCAF81 /* ButtonsTableViewCell.swift in Sources */,
				16B2D71B271E0EA800E7BB84 /* Template+CoreDataClass.swift in Sources */,
				710F1DD0272B2743005C06E1 /* PillMarker.swift in Sources */,
				71FED860273314DF00B90A5A /* AddExpenseNameCell.swift in Sources */,
				F153F4622733BF20004F06CC /* CalendarViewController.swift in Sources */,
				16904836273DA1280011A11D /* PlanningIconTableViewCell.swift in Sources */,
				F138B88F2720A950009F0837 /* ProfileTableViewCell.swift in Sources */,
				71FED8742733263500B90A5A /* AddIncomePlanningCell.swift in Sources */,
				F19FF1AC2728890D0041F5E3 /* WalletDetailViewController.swift in Sources */,
				16904832273D80F20011A11D /* PlanningNAmeTableViewCell.swift in Sources */,
				16B2D717271E0EA800E7BB84 /* Item+CoreDataClass.swift in Sources */,
				07E20F3227345B7E0087835E /* WalletsInsideTableViewCell.swift in Sources */,
				F1BBB940273C527700B5746D /* WalletSelectionTableViewCell.swift in Sources */,
				F19FF1B1272889500041F5E3 /* WalletCreationViewController.swift in Sources */,
				F196D51C2724776500CCAF81 /* AdditionViewController.swift in Sources */,
				07E20F2E272C80F90087835E /* BalanceInsideTableViewCell.swift in Sources */,
				16D0B25D27286CDA007BE30E /* TransactionsHeaderCell.swift in Sources */,
				077CAFF827273759007D58C1 /* WalletsTableViewCell.swift in Sources */,
				07B88B76273C543900D484E5 /* OnboardingCollectionViewCell.swift in Sources */,
				16904838273DB3C40011A11D /* NewPlanningButtonTableViewCell.swift in Sources */,
				16B2D715271E0EA800E7BB84 /* Transaction+CoreDataClass.swift in Sources */,
				16D0B26627287A72007BE30E /* TransactionsViewController.swift in Sources */,
				16904830273C5C550011A11D /* AddNewPlanningViewController.swift in Sources */,
				16655627271A0E0000DE83F4 /* AppDelegate.swift in Sources */,
				1690483A273EDBC30011A11D /* PlanningSelectionWalletViewController.swift in Sources */,
				710269162735D40700D62DEE /* AddIncomeCalendarViewController.swift in Sources */,
				077626F2273DBC01002B691E /* LastOnboardingScreenViewController.swift in Sources */,
				16655627271A0E0000DE83F4 /* AppDelegate.swift in Sources */,
				7140E5B52735101800685927 /* AddExpenseAllDoneViewController.swift in Sources */,
				71CD631427359B8B007A3D75 /* AddExpenseRecurrencyViewController.swift in Sources */,
				71FED86C273325A800B90A5A /* AddIncomeValueCell.swift in Sources */,
				71FED870273325E100B90A5A /* AddIncomeCategoryCell.swift in Sources */,
				71737920273AEAE2007D83CC /* AddIncomeColectionViewController.swift in Sources */,
				16655631271A0E0000DE83F4 /* ExpensesOrganizer.xcdatamodeld in Sources */,
				F1BBB942273C5FF300B5746D /* WalletSelectionViewController.swift in Sources */,
				F1FA9979273B2B910034483E /* TotalPlanningBalanceTableViewCell.swift in Sources */,
				F1FA9977273B20230034483E /* PlanningEditionTableViewCell.swift in Sources */,
				F1CE714B272C867C002D6020 /* DescriptionTableViewCell.swift in Sources */,
				16B2D719271E0EA800E7BB84 /* Wallet+CoreDataClass.swift in Sources */,
				F1FA9982273B44D20034483E /* ItemViewController.swift in Sources */,
				F153F4642733BF2D004F06CC /* RecurrencyViewController.swift in Sources */,
				16655629271A0E0000DE83F4 /* SceneDelegate.swift in Sources */,
				71FED85627330E3500B90A5A /* AddIncomeViewController.swift in Sources */,
				71D21EDF27441FDD0042AAED /* OnboardingPersistence.swift in Sources */,
				F196D5182724773C00CCAF81 /* PlanningViewController.swift in Sources */,
				077CAFFA27274147007D58C1 /* WalletCollectionViewCell.swift in Sources */,
				71FED85427330E1700B90A5A /* AddExpenseViewController.swift in Sources */,
				71CD631627359B9C007A3D75 /* AddExpenseCalendarViewController.swift in Sources */,
				F196D512272476BE00CCAF81 /* WalletsViewController.swift in Sources */,
				71FED8642733153000B90A5A /* AddExpensePaymentCell.swift in Sources */,
				16279ACE273F03EE005A01B8 /* PlanningIconSelectionViewController.swift in Sources */,
				7140E5B72735102C00685927 /* AddIncomeAllDoneViewController.swift in Sources */,
				71FED8722733260F00B90A5A /* AddIncomeWalletCell.swift in Sources */,
				F196D5162724771C00CCAF81 /* GoalsViewController.swift in Sources */,
				71FED86E273325C900B90A5A /* AddIncomeNameCell.swift in Sources */,
				710269142735D3F500D62DEE /* AddIncomeRecurrencyViewController.swift in Sources */,
			);
			runOnlyForDeploymentPostprocessing = 0;
		};
/* End PBXSourcesBuildPhase section */

/* Begin PBXVariantGroup section */
		1665562C271A0E0000DE83F4 /* Dashboard.storyboard */ = {
			isa = PBXVariantGroup;
			children = (
				1665562D271A0E0000DE83F4 /* Base */,
				1665563D271A0E6400DE83F4 /* pt-BR */,
			);
			name = Dashboard.storyboard;
			sourceTree = "<group>";
		};
		16655634271A0E0400DE83F4 /* LaunchScreen.storyboard */ = {
			isa = PBXVariantGroup;
			children = (
				16655635271A0E0400DE83F4 /* Base */,
				1665563E271A0E6500DE83F4 /* pt-BR */,
			);
			name = LaunchScreen.storyboard;
			sourceTree = "<group>";
		};
		16655643271A0ECA00DE83F4 /* Localizable.strings */ = {
			isa = PBXVariantGroup;
			children = (
				16655642271A0ECA00DE83F4 /* en */,
				16655644271A0ECC00DE83F4 /* pt-BR */,
			);
			name = Localizable.strings;
			sourceTree = "<group>";
		};
/* End PBXVariantGroup section */

/* Begin XCBuildConfiguration section */
		16655638271A0E0400DE83F4 /* Debug */ = {
			isa = XCBuildConfiguration;
			buildSettings = {
				ALWAYS_SEARCH_USER_PATHS = NO;
				CLANG_ANALYZER_LOCALIZABILITY_NONLOCALIZED = YES;
				CLANG_ANALYZER_NONNULL = YES;
				CLANG_ANALYZER_NUMBER_OBJECT_CONVERSION = YES_AGGRESSIVE;
				CLANG_CXX_LANGUAGE_STANDARD = "gnu++17";
				CLANG_CXX_LIBRARY = "libc++";
				CLANG_ENABLE_MODULES = YES;
				CLANG_ENABLE_OBJC_ARC = YES;
				CLANG_ENABLE_OBJC_WEAK = YES;
				CLANG_WARN_BLOCK_CAPTURE_AUTORELEASING = YES;
				CLANG_WARN_BOOL_CONVERSION = YES;
				CLANG_WARN_COMMA = YES;
				CLANG_WARN_CONSTANT_CONVERSION = YES;
				CLANG_WARN_DEPRECATED_OBJC_IMPLEMENTATIONS = YES;
				CLANG_WARN_DIRECT_OBJC_ISA_USAGE = YES_ERROR;
				CLANG_WARN_DOCUMENTATION_COMMENTS = YES;
				CLANG_WARN_EMPTY_BODY = YES;
				CLANG_WARN_ENUM_CONVERSION = YES;
				CLANG_WARN_INFINITE_RECURSION = YES;
				CLANG_WARN_INT_CONVERSION = YES;
				CLANG_WARN_NON_LITERAL_NULL_CONVERSION = YES;
				CLANG_WARN_OBJC_IMPLICIT_RETAIN_SELF = YES;
				CLANG_WARN_OBJC_LITERAL_CONVERSION = YES;
				CLANG_WARN_OBJC_ROOT_CLASS = YES_ERROR;
				CLANG_WARN_QUOTED_INCLUDE_IN_FRAMEWORK_HEADER = YES;
				CLANG_WARN_RANGE_LOOP_ANALYSIS = YES;
				CLANG_WARN_STRICT_PROTOTYPES = YES;
				CLANG_WARN_SUSPICIOUS_MOVE = YES;
				CLANG_WARN_UNGUARDED_AVAILABILITY = YES_AGGRESSIVE;
				CLANG_WARN_UNREACHABLE_CODE = YES;
				CLANG_WARN__DUPLICATE_METHOD_MATCH = YES;
				COPY_PHASE_STRIP = NO;
				DEBUG_INFORMATION_FORMAT = dwarf;
				ENABLE_STRICT_OBJC_MSGSEND = YES;
				ENABLE_TESTABILITY = YES;
				GCC_C_LANGUAGE_STANDARD = gnu11;
				GCC_DYNAMIC_NO_PIC = NO;
				GCC_NO_COMMON_BLOCKS = YES;
				GCC_OPTIMIZATION_LEVEL = 0;
				GCC_PREPROCESSOR_DEFINITIONS = (
					"DEBUG=1",
					"$(inherited)",
				);
				GCC_WARN_64_TO_32_BIT_CONVERSION = YES;
				GCC_WARN_ABOUT_RETURN_TYPE = YES_ERROR;
				GCC_WARN_UNDECLARED_SELECTOR = YES;
				GCC_WARN_UNINITIALIZED_AUTOS = YES_AGGRESSIVE;
				GCC_WARN_UNUSED_FUNCTION = YES;
				GCC_WARN_UNUSED_VARIABLE = YES;
				IPHONEOS_DEPLOYMENT_TARGET = 13.0;
				MTL_ENABLE_DEBUG_INFO = INCLUDE_SOURCE;
				MTL_FAST_MATH = YES;
				ONLY_ACTIVE_ARCH = YES;
				SDKROOT = iphoneos;
				SWIFT_ACTIVE_COMPILATION_CONDITIONS = DEBUG;
				SWIFT_OPTIMIZATION_LEVEL = "-Onone";
			};
			name = Debug;
		};
		16655639271A0E0400DE83F4 /* Release */ = {
			isa = XCBuildConfiguration;
			buildSettings = {
				ALWAYS_SEARCH_USER_PATHS = NO;
				CLANG_ANALYZER_LOCALIZABILITY_NONLOCALIZED = YES;
				CLANG_ANALYZER_NONNULL = YES;
				CLANG_ANALYZER_NUMBER_OBJECT_CONVERSION = YES_AGGRESSIVE;
				CLANG_CXX_LANGUAGE_STANDARD = "gnu++17";
				CLANG_CXX_LIBRARY = "libc++";
				CLANG_ENABLE_MODULES = YES;
				CLANG_ENABLE_OBJC_ARC = YES;
				CLANG_ENABLE_OBJC_WEAK = YES;
				CLANG_WARN_BLOCK_CAPTURE_AUTORELEASING = YES;
				CLANG_WARN_BOOL_CONVERSION = YES;
				CLANG_WARN_COMMA = YES;
				CLANG_WARN_CONSTANT_CONVERSION = YES;
				CLANG_WARN_DEPRECATED_OBJC_IMPLEMENTATIONS = YES;
				CLANG_WARN_DIRECT_OBJC_ISA_USAGE = YES_ERROR;
				CLANG_WARN_DOCUMENTATION_COMMENTS = YES;
				CLANG_WARN_EMPTY_BODY = YES;
				CLANG_WARN_ENUM_CONVERSION = YES;
				CLANG_WARN_INFINITE_RECURSION = YES;
				CLANG_WARN_INT_CONVERSION = YES;
				CLANG_WARN_NON_LITERAL_NULL_CONVERSION = YES;
				CLANG_WARN_OBJC_IMPLICIT_RETAIN_SELF = YES;
				CLANG_WARN_OBJC_LITERAL_CONVERSION = YES;
				CLANG_WARN_OBJC_ROOT_CLASS = YES_ERROR;
				CLANG_WARN_QUOTED_INCLUDE_IN_FRAMEWORK_HEADER = YES;
				CLANG_WARN_RANGE_LOOP_ANALYSIS = YES;
				CLANG_WARN_STRICT_PROTOTYPES = YES;
				CLANG_WARN_SUSPICIOUS_MOVE = YES;
				CLANG_WARN_UNGUARDED_AVAILABILITY = YES_AGGRESSIVE;
				CLANG_WARN_UNREACHABLE_CODE = YES;
				CLANG_WARN__DUPLICATE_METHOD_MATCH = YES;
				COPY_PHASE_STRIP = NO;
				DEBUG_INFORMATION_FORMAT = "dwarf-with-dsym";
				ENABLE_NS_ASSERTIONS = NO;
				ENABLE_STRICT_OBJC_MSGSEND = YES;
				GCC_C_LANGUAGE_STANDARD = gnu11;
				GCC_NO_COMMON_BLOCKS = YES;
				GCC_WARN_64_TO_32_BIT_CONVERSION = YES;
				GCC_WARN_ABOUT_RETURN_TYPE = YES_ERROR;
				GCC_WARN_UNDECLARED_SELECTOR = YES;
				GCC_WARN_UNINITIALIZED_AUTOS = YES_AGGRESSIVE;
				GCC_WARN_UNUSED_FUNCTION = YES;
				GCC_WARN_UNUSED_VARIABLE = YES;
				IPHONEOS_DEPLOYMENT_TARGET = 13.0;
				MTL_ENABLE_DEBUG_INFO = NO;
				MTL_FAST_MATH = YES;
				SDKROOT = iphoneos;
				SWIFT_COMPILATION_MODE = wholemodule;
				SWIFT_OPTIMIZATION_LEVEL = "-O";
				VALIDATE_PRODUCT = YES;
			};
			name = Release;
		};
		1665563B271A0E0400DE83F4 /* Debug */ = {
			isa = XCBuildConfiguration;
			buildSettings = {
				ASSETCATALOG_COMPILER_APPICON_NAME = AppIcon;
				ASSETCATALOG_COMPILER_GLOBAL_ACCENT_COLOR_NAME = AccentColor;
				CODE_SIGN_STYLE = Automatic;
				CURRENT_PROJECT_VERSION = 1;
				DEVELOPMENT_TEAM = M7DG8QRAF9;
				GENERATE_INFOPLIST_FILE = YES;
				INFOPLIST_FILE = ExpensesOrganizer/Info.plist;
				INFOPLIST_KEY_UIApplicationSupportsIndirectInputEvents = YES;
				INFOPLIST_KEY_UILaunchStoryboardName = LaunchScreen;
				INFOPLIST_KEY_UIMainStoryboardFile = Dashboard;
				INFOPLIST_KEY_UISupportedInterfaceOrientations = UIInterfaceOrientationPortrait;
				INFOPLIST_KEY_UISupportedInterfaceOrientations_iPad = "UIInterfaceOrientationPortrait UIInterfaceOrientationPortraitUpsideDown UIInterfaceOrientationLandscapeLeft UIInterfaceOrientationLandscapeRight";
				INFOPLIST_KEY_UISupportedInterfaceOrientations_iPhone = "UIInterfaceOrientationPortrait UIInterfaceOrientationLandscapeLeft UIInterfaceOrientationLandscapeRight";
				IPHONEOS_DEPLOYMENT_TARGET = 13.0;
				LD_RUNPATH_SEARCH_PATHS = (
					"$(inherited)",
					"@executable_path/Frameworks",
				);
				MARKETING_VERSION = 1.0;
				PRODUCT_BUNDLE_IDENTIFIER = aline.ExpensesOrganizer;
				PRODUCT_NAME = "$(TARGET_NAME)";
				SWIFT_EMIT_LOC_STRINGS = YES;
				SWIFT_VERSION = 5.0;
				TARGETED_DEVICE_FAMILY = 1;
			};
			name = Debug;
		};
		1665563C271A0E0400DE83F4 /* Release */ = {
			isa = XCBuildConfiguration;
			buildSettings = {
				ASSETCATALOG_COMPILER_APPICON_NAME = AppIcon;
				ASSETCATALOG_COMPILER_GLOBAL_ACCENT_COLOR_NAME = AccentColor;
				CODE_SIGN_STYLE = Automatic;
				CURRENT_PROJECT_VERSION = 1;
				DEVELOPMENT_TEAM = TA9GQL43ZA;
				GENERATE_INFOPLIST_FILE = YES;
				INFOPLIST_FILE = ExpensesOrganizer/Info.plist;
				INFOPLIST_KEY_UIApplicationSupportsIndirectInputEvents = YES;
				INFOPLIST_KEY_UILaunchStoryboardName = LaunchScreen;
				INFOPLIST_KEY_UIMainStoryboardFile = Dashboard;
				INFOPLIST_KEY_UISupportedInterfaceOrientations = UIInterfaceOrientationPortrait;
				INFOPLIST_KEY_UISupportedInterfaceOrientations_iPad = "UIInterfaceOrientationPortrait UIInterfaceOrientationPortraitUpsideDown UIInterfaceOrientationLandscapeLeft UIInterfaceOrientationLandscapeRight";
				INFOPLIST_KEY_UISupportedInterfaceOrientations_iPhone = "UIInterfaceOrientationPortrait UIInterfaceOrientationLandscapeLeft UIInterfaceOrientationLandscapeRight";
				IPHONEOS_DEPLOYMENT_TARGET = 13.0;
				LD_RUNPATH_SEARCH_PATHS = (
					"$(inherited)",
					"@executable_path/Frameworks",
				);
				MARKETING_VERSION = 1.0;
				PRODUCT_BUNDLE_IDENTIFIER = aline.ExpensesOrganizer;
				PRODUCT_NAME = "$(TARGET_NAME)";
				SWIFT_EMIT_LOC_STRINGS = YES;
				SWIFT_VERSION = 5.0;
				TARGETED_DEVICE_FAMILY = 1;
			};
			name = Release;
		};
/* End XCBuildConfiguration section */

/* Begin XCConfigurationList section */
		1665561E271A0E0000DE83F4 /* Build configuration list for PBXProject "ExpensesOrganizer" */ = {
			isa = XCConfigurationList;
			buildConfigurations = (
				16655638271A0E0400DE83F4 /* Debug */,
				16655639271A0E0400DE83F4 /* Release */,
			);
			defaultConfigurationIsVisible = 0;
			defaultConfigurationName = Release;
		};
		1665563A271A0E0400DE83F4 /* Build configuration list for PBXNativeTarget "ExpensesOrganizer" */ = {
			isa = XCConfigurationList;
			buildConfigurations = (
				1665563B271A0E0400DE83F4 /* Debug */,
				1665563C271A0E0400DE83F4 /* Release */,
			);
			defaultConfigurationIsVisible = 0;
			defaultConfigurationName = Release;
		};
/* End XCConfigurationList section */

/* Begin XCRemoteSwiftPackageReference section */
		710F1DC32729C55F005C06E1 /* XCRemoteSwiftPackageReference "charts" */ = {
			isa = XCRemoteSwiftPackageReference;
			repositoryURL = "https://github.com/danielgindi/charts";
			requirement = {
				kind = exactVersion;
				version = 3.5.0;
			};
		};
		71D21EE0274449870042AAED /* XCRemoteSwiftPackageReference "IQKeyboardManager" */ = {
			isa = XCRemoteSwiftPackageReference;
			repositoryURL = "https://github.com/hackiftekhar/IQKeyboardManager.git";
			requirement = {
				kind = exactVersion;
				version = 6.5.9;
			};
		};
/* End XCRemoteSwiftPackageReference section */

/* Begin XCSwiftPackageProductDependency section */
		710F1DC42729C55F005C06E1 /* Charts */ = {
			isa = XCSwiftPackageProductDependency;
			package = 710F1DC32729C55F005C06E1 /* XCRemoteSwiftPackageReference "charts" */;
			productName = Charts;
		};
		71D21EE1274449870042AAED /* IQKeyboardManagerSwift */ = {
			isa = XCSwiftPackageProductDependency;
			package = 71D21EE0274449870042AAED /* XCRemoteSwiftPackageReference "IQKeyboardManager" */;
			productName = IQKeyboardManagerSwift;
		};
/* End XCSwiftPackageProductDependency section */

/* Begin XCVersionGroup section */
		1665562F271A0E0000DE83F4 /* ExpensesOrganizer.xcdatamodeld */ = {
			isa = XCVersionGroup;
			children = (
				16655630271A0E0000DE83F4 /* ExpensesOrganizer.xcdatamodel */,
			);
			currentVersion = 16655630271A0E0000DE83F4 /* ExpensesOrganizer.xcdatamodel */;
			path = ExpensesOrganizer.xcdatamodeld;
			sourceTree = "<group>";
			versionGroupType = wrapper.xcdatamodel;
		};
/* End XCVersionGroup section */
	};
	rootObject = 1665561B271A0E0000DE83F4 /* Project object */;
}
